// !$*UTF8*$!
{
	archiveVersion = 1;
	classes = {
	};
	objectVersion = 77;
	objects = {

/* Begin PBXBuildFile section */
		025773A172E31D4B7DCE3FAF /* FocusPhoneApp.swift in Sources */ = {isa = PBXBuildFile; fileRef = DC40D2EA0A1A8B966F3257FD /* FocusPhoneApp.swift */; };
		02F8CD28C50F7F5BEE4B8FB6 /* MainTabView.swift in Sources */ = {isa = PBXBuildFile; fileRef = 53380FB50E34F4ACE6F907ED /* MainTabView.swift */; };
		04D90CC13C8ABE9D846D7078 /* BlockingService.swift in Sources */ = {isa = PBXBuildFile; fileRef = 594B7BE104190E51B06FB01C /* BlockingService.swift */; };
		089388C6FE2F97486DE0312B /* WeeklySchedule.swift in Sources */ = {isa = PBXBuildFile; fileRef = 0B8B03BCD44643D1F43B3EB4 /* WeeklySchedule.swift */; };
		08EE3C042C04C8B14915A0F8 /* ModeEditorView.swift in Sources */ = {isa = PBXBuildFile; fileRef = 091A8F3DC57D8E21F2782EA6 /* ModeEditorView.swift */; };
		0A9238A226B7A9B9753CA80C /* AddTimeBlockView.swift in Sources */ = {isa = PBXBuildFile; fileRef = 3226870292F5A68BEC23591A /* AddTimeBlockView.swift */; };
		0E456D6BF1DA4F9300B09D11 /* AppState.swift in Sources */ = {isa = PBXBuildFile; fileRef = BAC5EECC93A9D82CDC2F27BE /* AppState.swift */; };
		15A10BAB02F5D8958C4CE7C5 /* BlockingService.swift in Sources */ = {isa = PBXBuildFile; fileRef = 594B7BE104190E51B06FB01C /* BlockingService.swift */; };
		17627C7D1669B03E37A55AF2 /* SettingsViewModel.swift in Sources */ = {isa = PBXBuildFile; fileRef = B1EA15BFADFA42D3D6A31F2E /* SettingsViewModel.swift */; };
		188F5D00711BD4EF9D309071 /* blockerList.json in Resources */ = {isa = PBXBuildFile; fileRef = 721B6912F360904BD0A2D800 /* blockerList.json */; };
		1D6B4C087B6BCABBB3852E5B /* ContentBlockerService.swift in Sources */ = {isa = PBXBuildFile; fileRef = 83AEF32365B0361D3B3BC800 /* ContentBlockerService.swift */; };
		1E07C691F79C0419D0E57B10 /* UIColor+Hex.swift in Sources */ = {isa = PBXBuildFile; fileRef = ED5FF9BDBBCEC3334409C107 /* UIColor+Hex.swift */; };
		1EFA64542753E7BE521C0DC1 /* TimeBlock.swift in Sources */ = {isa = PBXBuildFile; fileRef = D0D98D6620172FCA7B736765 /* TimeBlock.swift */; };
		212BB6EC8152C0D5E9792A41 /* CalendarTab.swift in Sources */ = {isa = PBXBuildFile; fileRef = C531965CF0B2497FC019175D /* CalendarTab.swift */; };
		21F3326787BF9DAADCC006A1 /* DeviceActivityMonitorExtension.appex in Embed Foundation Extensions */ = {isa = PBXBuildFile; fileRef = 13A32D2DA50D72D17181FC51 /* DeviceActivityMonitorExtension.appex */; settings = {ATTRIBUTES = (RemoveHeadersOnCopy, ); }; };
		226C6762EB06C8C69809A380 /* UIColor+Hex.swift in Sources */ = {isa = PBXBuildFile; fileRef = ED5FF9BDBBCEC3334409C107 /* UIColor+Hex.swift */; };
		244E091E5897FFB63C455709 /* Constants.swift in Sources */ = {isa = PBXBuildFile; fileRef = 6C0230933076CFE791064BFA /* Constants.swift */; };
		322DF3F96167E43D9F97EA3E /* Constants.swift in Sources */ = {isa = PBXBuildFile; fileRef = 6C0230933076CFE791064BFA /* Constants.swift */; };
		33EBF83D48EF70434347E9F2 /* FocusPhoneWidget.swift in Sources */ = {isa = PBXBuildFile; fileRef = 0EA392E7299AA64DE38A6C09 /* FocusPhoneWidget.swift */; };
		3BC548E9EAAA7D5D28B80C3E /* Mode.swift in Sources */ = {isa = PBXBuildFile; fileRef = 625AFD09AD0CF5DFE3553855 /* Mode.swift */; };
		3DFC7767E81B974AF3D55800 /* UIColor+Hex.swift in Sources */ = {isa = PBXBuildFile; fileRef = ED5FF9BDBBCEC3334409C107 /* UIColor+Hex.swift */; };
		47796E56815BA874D59A67D2 /* DefaultModes.swift in Sources */ = {isa = PBXBuildFile; fileRef = FA6B83D67A1A4A8149845433 /* DefaultModes.swift */; };
		49DBE9DEDB07C0A06313B34A /* SettingsView.swift in Sources */ = {isa = PBXBuildFile; fileRef = 82165BA9EC22CC77CA6C8909 /* SettingsView.swift */; };
		4C434C7498FC79D7E9B00D8B /* TimeBlock.swift in Sources */ = {isa = PBXBuildFile; fileRef = D0D98D6620172FCA7B736765 /* TimeBlock.swift */; };
		4C58DDF933C6255426B05251 /* Mode.swift in Sources */ = {isa = PBXBuildFile; fileRef = 625AFD09AD0CF5DFE3553855 /* Mode.swift */; };
		4C89293F10CAE0C62BE73094 /* BlockingService.swift in Sources */ = {isa = PBXBuildFile; fileRef = 594B7BE104190E51B06FB01C /* BlockingService.swift */; };
		4ED2F9ED48E835FA99375E16 /* ModeListTab.swift in Sources */ = {isa = PBXBuildFile; fileRef = C432225678C4C1879B3E9CD1 /* ModeListTab.swift */; };
		4FF8FAF4785C6A2C1B613B8C /* DefaultModes.swift in Sources */ = {isa = PBXBuildFile; fileRef = FA6B83D67A1A4A8149845433 /* DefaultModes.swift */; };
		51CDF02FEE697C3E642F6A09 /* BlockingService.swift in Sources */ = {isa = PBXBuildFile; fileRef = 594B7BE104190E51B06FB01C /* BlockingService.swift */; };
		5580DBCB5CEAF0A5809AAA2F /* IconPickerView.swift in Sources */ = {isa = PBXBuildFile; fileRef = 3EA2EC78BA531FD508093EEA /* IconPickerView.swift */; };
		566898E393BF279FFFCFCCF7 /* AuthViewModel.swift in Sources */ = {isa = PBXBuildFile; fileRef = FF71488AB8CBE9EAA91406A7 /* AuthViewModel.swift */; };
		5B8FAD797F84C5926BC809B4 /* ContentView.swift in Sources */ = {isa = PBXBuildFile; fileRef = 941DD181E6572785AD762908 /* ContentView.swift */; };
		62460B72A6B35D3C229488A1 /* DefaultModes.swift in Sources */ = {isa = PBXBuildFile; fileRef = FA6B83D67A1A4A8149845433 /* DefaultModes.swift */; };
		63B7C95FE932DF4BD262166B /* Weekday.swift in Sources */ = {isa = PBXBuildFile; fileRef = 9ED967B427728E7E02870B55 /* Weekday.swift */; };
		643B90223F9221DBEBCCDD34 /* ModeSession.swift in Sources */ = {isa = PBXBuildFile; fileRef = 65532370280A426249164C93 /* ModeSession.swift */; };
		68EB1A747370664933A36892 /* ModeSession.swift in Sources */ = {isa = PBXBuildFile; fileRef = 65532370280A426249164C93 /* ModeSession.swift */; };
		6A5A15BFBC9E9584B3F5778E /* ContentBlockerService.swift in Sources */ = {isa = PBXBuildFile; fileRef = 83AEF32365B0361D3B3BC800 /* ContentBlockerService.swift */; };
		7158AD7E9EA32E52A96C745F /* OnboardingView.swift in Sources */ = {isa = PBXBuildFile; fileRef = 7D870530867D1C5BF3D2DBB4 /* OnboardingView.swift */; };
		76EC309D0D53065888AD1D06 /* UIColor+Hex.swift in Sources */ = {isa = PBXBuildFile; fileRef = ED5FF9BDBBCEC3334409C107 /* UIColor+Hex.swift */; };
		774752A993FF93C11918A181 /* Constants.swift in Sources */ = {isa = PBXBuildFile; fileRef = 6C0230933076CFE791064BFA /* Constants.swift */; };
		7770E23ED0B00AE353112CF7 /* ColorPickerGridView.swift in Sources */ = {isa = PBXBuildFile; fileRef = 969C7B0A77A80986AFB78672 /* ColorPickerGridView.swift */; };
		7A65B706A1E9033497C528F5 /* ScheduleService.swift in Sources */ = {isa = PBXBuildFile; fileRef = E7D615F496A73FD46E0C3BB7 /* ScheduleService.swift */; };
		7B0633E0E7636EC522185446 /* UIColor+Hex.swift in Sources */ = {isa = PBXBuildFile; fileRef = ED5FF9BDBBCEC3334409C107 /* UIColor+Hex.swift */; };
		7CFFCB0F4EA1C89ECF72EADC /* Weekday.swift in Sources */ = {isa = PBXBuildFile; fileRef = 9ED967B427728E7E02870B55 /* Weekday.swift */; };
		7D4157DD880166D9CDC86255 /* Constants.swift in Sources */ = {isa = PBXBuildFile; fileRef = 6C0230933076CFE791064BFA /* Constants.swift */; };
		7DDF60492292BCB3576B9743 /* Mode.swift in Sources */ = {isa = PBXBuildFile; fileRef = 625AFD09AD0CF5DFE3553855 /* Mode.swift */; };
		7E2B417C80425E6F55C0BFB5 /* Color+Hex.swift in Sources */ = {isa = PBXBuildFile; fileRef = 202449C712B38F1723046417 /* Color+Hex.swift */; };
		82E6A99F1AC9F10730CDD00A /* ShieldConfigurationExtension.appex in Embed Foundation Extensions */ = {isa = PBXBuildFile; fileRef = ABA9E32158914313B6846D91 /* ShieldConfigurationExtension.appex */; settings = {ATTRIBUTES = (RemoveHeadersOnCopy, ); }; };
		84E3ACE2B71D82727804D176 /* ContentBlockerService.swift in Sources */ = {isa = PBXBuildFile; fileRef = 83AEF32365B0361D3B3BC800 /* ContentBlockerService.swift */; };
		8840AC6E1C00C36D171B6798 /* BlockingService.swift in Sources */ = {isa = PBXBuildFile; fileRef = 594B7BE104190E51B06FB01C /* BlockingService.swift */; };
		891B3ECFA838962FCDA19B62 /* ContentBlockerExtension.appex in Embed Foundation Extensions */ = {isa = PBXBuildFile; fileRef = 13ABA97AE6030D3314E5B0DE /* ContentBlockerExtension.appex */; settings = {ATTRIBUTES = (RemoveHeadersOnCopy, ); }; };
		8ADC5EBE22E5707E6BF3D5FD /* DeviceActivityMonitorExtension.swift in Sources */ = {isa = PBXBuildFile; fileRef = 286248FD344AFD8CCC385F72 /* DeviceActivityMonitorExtension.swift */; };
		8BD6E8FF208644A0BB54263F /* ScheduleService.swift in Sources */ = {isa = PBXBuildFile; fileRef = E7D615F496A73FD46E0C3BB7 /* ScheduleService.swift */; };
		8CA5BB976F8B82E9CC1B4991 /* Color+Hex.swift in Sources */ = {isa = PBXBuildFile; fileRef = 202449C712B38F1723046417 /* Color+Hex.swift */; };
		972F91E3549FF2BC524B7603 /* StatsView.swift in Sources */ = {isa = PBXBuildFile; fileRef = 22CA11843C7EE57B7F2B804B /* StatsView.swift */; };
		99243340FF9D8E7F2009940D /* StatsViewModel.swift in Sources */ = {isa = PBXBuildFile; fileRef = 55CF075A6306801351383958 /* StatsViewModel.swift */; };
		9C998CB5B9BDF7AD1BB82362 /* Color+Hex.swift in Sources */ = {isa = PBXBuildFile; fileRef = 202449C712B38F1723046417 /* Color+Hex.swift */; };
		9D0F1B7430363DCF58DD15F0 /* ContentBlockerService.swift in Sources */ = {isa = PBXBuildFile; fileRef = 83AEF32365B0361D3B3BC800 /* ContentBlockerService.swift */; };
		9E29DF87BFDEEFFAB5E44EAB /* WeeklySchedule.swift in Sources */ = {isa = PBXBuildFile; fileRef = 0B8B03BCD44643D1F43B3EB4 /* WeeklySchedule.swift */; };
		A668DE4FAFE9CC17F97ED87A /* Assets.xcassets in Resources */ = {isa = PBXBuildFile; fileRef = 4F8A83EBF4701014989D13A3 /* Assets.xcassets */; };
		AA5052D4DC650DCD7A09928B /* Weekday.swift in Sources */ = {isa = PBXBuildFile; fileRef = 9ED967B427728E7E02870B55 /* Weekday.swift */; };
		BD360C5E213EEC18513F8C08 /* ModeListViewModel.swift in Sources */ = {isa = PBXBuildFile; fileRef = 02842383AE607AA51C9330A1 /* ModeListViewModel.swift */; };
		BE7906149DA1EF1980260C16 /* ScheduleService.swift in Sources */ = {isa = PBXBuildFile; fileRef = E7D615F496A73FD46E0C3BB7 /* ScheduleService.swift */; };
		BF01ACBBBFE91FF30CC2AB16 /* ModeSession.swift in Sources */ = {isa = PBXBuildFile; fileRef = 65532370280A426249164C93 /* ModeSession.swift */; };
		C33D987A3A24F5CD319BCBB6 /* WeekDaySelectorView.swift in Sources */ = {isa = PBXBuildFile; fileRef = 39AFE8F5DEABE3D40640D0BD /* WeekDaySelectorView.swift */; };
		C57CD3A01C1202D847E4B5E0 /* Color+Hex.swift in Sources */ = {isa = PBXBuildFile; fileRef = 202449C712B38F1723046417 /* Color+Hex.swift */; };
		C64870FA12F415AA0F80C15A /* ShieldConfigurationExtension.swift in Sources */ = {isa = PBXBuildFile; fileRef = 820532D3B3E41C90DE1782D5 /* ShieldConfigurationExtension.swift */; };
		CCED84459F187A3241D766F0 /* DayTimelineView.swift in Sources */ = {isa = PBXBuildFile; fileRef = DA07F60273976DEA7747E87A /* DayTimelineView.swift */; };
		CD589D817CAB532DEAE779A2 /* Mode.swift in Sources */ = {isa = PBXBuildFile; fileRef = 625AFD09AD0CF5DFE3553855 /* Mode.swift */; };
		CE69C1FABBDE9C7C308CDA4D /* WeeklySchedule.swift in Sources */ = {isa = PBXBuildFile; fileRef = 0B8B03BCD44643D1F43B3EB4 /* WeeklySchedule.swift */; };
		D2AE3DAA3EA0FC0295A77D59 /* ContentBlockerRequestHandler.swift in Sources */ = {isa = PBXBuildFile; fileRef = 5128A93B3568851821870CD6 /* ContentBlockerRequestHandler.swift */; };
		D39824746429944FB75C351B /* Mode.swift in Sources */ = {isa = PBXBuildFile; fileRef = 625AFD09AD0CF5DFE3553855 /* Mode.swift */; };
		D4A2E2542D83ABD2597C587F /* DefaultModes.swift in Sources */ = {isa = PBXBuildFile; fileRef = FA6B83D67A1A4A8149845433 /* DefaultModes.swift */; };
		DC8C62856813C10EEF94621C /* ScheduleService.swift in Sources */ = {isa = PBXBuildFile; fileRef = E7D615F496A73FD46E0C3BB7 /* ScheduleService.swift */; };
		DCB52EC05AA8F0ABD1DB0063 /* ModeSession.swift in Sources */ = {isa = PBXBuildFile; fileRef = 65532370280A426249164C93 /* ModeSession.swift */; };
		DE9137CED88C4D1F3B874AE0 /* FocusPhoneWidget.appex in Embed Foundation Extensions */ = {isa = PBXBuildFile; fileRef = 56B7E1F0F0D9FA5EF4D24CEB /* FocusPhoneWidget.appex */; settings = {ATTRIBUTES = (RemoveHeadersOnCopy, ); }; };
		DEB4C7854ABF1CF1430E5E95 /* Weekday.swift in Sources */ = {isa = PBXBuildFile; fileRef = 9ED967B427728E7E02870B55 /* Weekday.swift */; };
		DF473C0A274F65DCF2F86234 /* Weekday.swift in Sources */ = {isa = PBXBuildFile; fileRef = 9ED967B427728E7E02870B55 /* Weekday.swift */; };
		E04945AF563533F9D57BCA64 /* TimeBlock.swift in Sources */ = {isa = PBXBuildFile; fileRef = D0D98D6620172FCA7B736765 /* TimeBlock.swift */; };
		E0CA4DCEE08E2D67D28050AC /* TimeBlock.swift in Sources */ = {isa = PBXBuildFile; fileRef = D0D98D6620172FCA7B736765 /* TimeBlock.swift */; };
		E0D0D2470018B197C9187D70 /* WeeklySchedule.swift in Sources */ = {isa = PBXBuildFile; fileRef = 0B8B03BCD44643D1F43B3EB4 /* WeeklySchedule.swift */; };
		E6866B55EF474F44AD61ACCB /* AppState.swift in Sources */ = {isa = PBXBuildFile; fileRef = BAC5EECC93A9D82CDC2F27BE /* AppState.swift */; };
		E79EE9096A14334D2C90A46A /* ScheduleService.swift in Sources */ = {isa = PBXBuildFile; fileRef = E7D615F496A73FD46E0C3BB7 /* ScheduleService.swift */; };
		E9C28DCC46F639C20D603CBF /* DefaultModes.swift in Sources */ = {isa = PBXBuildFile; fileRef = FA6B83D67A1A4A8149845433 /* DefaultModes.swift */; };
		F0BF7E0065226CE29994ABDB /* TimeBlock.swift in Sources */ = {isa = PBXBuildFile; fileRef = D0D98D6620172FCA7B736765 /* TimeBlock.swift */; };
		F109C3745B027F6A52FEAF10 /* Color+Hex.swift in Sources */ = {isa = PBXBuildFile; fileRef = 202449C712B38F1723046417 /* Color+Hex.swift */; };
		F3547AB643B4C9BDF9F3F22E /* AppState.swift in Sources */ = {isa = PBXBuildFile; fileRef = BAC5EECC93A9D82CDC2F27BE /* AppState.swift */; };
		F3BEC8CBB33869ABC7DECD0A /* Constants.swift in Sources */ = {isa = PBXBuildFile; fileRef = 6C0230933076CFE791064BFA /* Constants.swift */; };
		F7080D1D266BCB333682016A /* ModeSession.swift in Sources */ = {isa = PBXBuildFile; fileRef = 65532370280A426249164C93 /* ModeSession.swift */; };
		F8E0D24B2535064BC2D873A2 /* CalendarViewModel.swift in Sources */ = {isa = PBXBuildFile; fileRef = DDEC7838DADD972E49ED226A /* CalendarViewModel.swift */; };
		FAD08BD235260AB75CCBF084 /* ContentBlockerService.swift in Sources */ = {isa = PBXBuildFile; fileRef = 83AEF32365B0361D3B3BC800 /* ContentBlockerService.swift */; };
		FD1A8F4BE3AE248428B4867F /* AppState.swift in Sources */ = {isa = PBXBuildFile; fileRef = BAC5EECC93A9D82CDC2F27BE /* AppState.swift */; };
		FD463381205F31C29D737783 /* WeeklySchedule.swift in Sources */ = {isa = PBXBuildFile; fileRef = 0B8B03BCD44643D1F43B3EB4 /* WeeklySchedule.swift */; };
		FFD4DCDC36F7CB699ACFD6BE /* AppState.swift in Sources */ = {isa = PBXBuildFile; fileRef = BAC5EECC93A9D82CDC2F27BE /* AppState.swift */; };
		E1011D7AB549E56D3B74823E /* PrivacyInfo.xcprivacy in Resources */ = {isa = PBXBuildFile; fileRef = 7EBD98CEC340EDA9C44AE50D /* PrivacyInfo.xcprivacy */; };
		50FC3F25BE0DCBB159C82809 /* PrivacyInfo.xcprivacy in Resources */ = {isa = PBXBuildFile; fileRef = 851E459784822640C0B05113 /* PrivacyInfo.xcprivacy */; };
		3444E7565DAC813B283A08B9 /* PrivacyInfo.xcprivacy in Resources */ = {isa = PBXBuildFile; fileRef = 4682C20C55B1D22FF536CE64 /* PrivacyInfo.xcprivacy */; };
		AE45A6E87022E25F190DF6D5 /* PrivacyInfo.xcprivacy in Resources */ = {isa = PBXBuildFile; fileRef = 73018DBCE7F7BB3157BF1522 /* PrivacyInfo.xcprivacy */; };
		903B270ABC1C696A0B74122B /* PrivacyInfo.xcprivacy in Resources */ = {isa = PBXBuildFile; fileRef = D86DD1ADD77FC7207EEE3FFD /* PrivacyInfo.xcprivacy */; };
		1CF901A80240729402CD78E2 /* DailyIntention.swift in Sources */ = {isa = PBXBuildFile; fileRef = EFE28C0C56B41229F0C763D9 /* DailyIntention.swift */; };
		7F0A105DE85663830C1F3B5E /* DailyIntention.swift in Sources */ = {isa = PBXBuildFile; fileRef = EFE28C0C56B41229F0C763D9 /* DailyIntention.swift */; };
		874F2AEFE21E2C58172D6BD4 /* DailyIntention.swift in Sources */ = {isa = PBXBuildFile; fileRef = EFE28C0C56B41229F0C763D9 /* DailyIntention.swift */; };
		04A706613CD0836869B3D149 /* DailyIntention.swift in Sources */ = {isa = PBXBuildFile; fileRef = EFE28C0C56B41229F0C763D9 /* DailyIntention.swift */; };
		0DF3A60AEEFB9A73B2254D03 /* DailyIntention.swift in Sources */ = {isa = PBXBuildFile; fileRef = EFE28C0C56B41229F0C763D9 /* DailyIntention.swift */; };
		CACC89F1D97A01013F558B1E /* DailyStats.swift in Sources */ = {isa = PBXBuildFile; fileRef = DD66608C672AA11D3CE1078B /* DailyStats.swift */; };
		4810FFC7F65EE2F4EE0F8030 /* DailyStats.swift in Sources */ = {isa = PBXBuildFile; fileRef = DD66608C672AA11D3CE1078B /* DailyStats.swift */; };
		2AD78EAFB1254ED37634B170 /* DailyStats.swift in Sources */ = {isa = PBXBuildFile; fileRef = DD66608C672AA11D3CE1078B /* DailyStats.swift */; };
		57FE56CD93BE98DE7D0430B1 /* DailyStats.swift in Sources */ = {isa = PBXBuildFile; fileRef = DD66608C672AA11D3CE1078B /* DailyStats.swift */; };
		4CB1DC86477F5EC632424E41 /* DailyStats.swift in Sources */ = {isa = PBXBuildFile; fileRef = DD66608C672AA11D3CE1078B /* DailyStats.swift */; };
		C7DA264D534320F766438ED3 /* Theme.swift in Sources */ = {isa = PBXBuildFile; fileRef = D2D045C66563FD25E1D0A214 /* Theme.swift */; };
		AD6C922E95237F6CD3CCBC1A /* Theme.swift in Sources */ = {isa = PBXBuildFile; fileRef = D2D045C66563FD25E1D0A214 /* Theme.swift */; };
		EF4334DE3FFC082255F1779A /* Theme.swift in Sources */ = {isa = PBXBuildFile; fileRef = D2D045C66563FD25E1D0A214 /* Theme.swift */; };
		9D0D3044B1C56FA78C498BC4 /* Theme.swift in Sources */ = {isa = PBXBuildFile; fileRef = D2D045C66563FD25E1D0A214 /* Theme.swift */; };
		02A6FA75F6A9B7CC258B9183 /* Theme.swift in Sources */ = {isa = PBXBuildFile; fileRef = D2D045C66563FD25E1D0A214 /* Theme.swift */; };
		F52DFF68C34E6EFBC1324F3B /* ModeColor.swift in Sources */ = {isa = PBXBuildFile; fileRef = DCD8F7294FE5FA36161CC998 /* ModeColor.swift */; };
		AF9F9A10A5318E7D1E47507D /* ModeColor.swift in Sources */ = {isa = PBXBuildFile; fileRef = DCD8F7294FE5FA36161CC998 /* ModeColor.swift */; };
		443287F2348C5FE4090EB252 /* ModeColor.swift in Sources */ = {isa = PBXBuildFile; fileRef = DCD8F7294FE5FA36161CC998 /* ModeColor.swift */; };
		BF4D6FC3D8B3FA9B65BFE95A /* ModeColor.swift in Sources */ = {isa = PBXBuildFile; fileRef = DCD8F7294FE5FA36161CC998 /* ModeColor.swift */; };
		DC1A453E9B0424C55A8A84D5 /* ModeColor.swift in Sources */ = {isa = PBXBuildFile; fileRef = DCD8F7294FE5FA36161CC998 /* ModeColor.swift */; };
		219C4A77BFEBE2D19A69C4E1 /* DailyIntentionView.swift in Sources */ = {isa = PBXBuildFile; fileRef = B008E382BA768CDDF412F98F /* DailyIntentionView.swift */; };
		9BB30290BC882A0CB417030A /* CurrentModeCardView.swift in Sources */ = {isa = PBXBuildFile; fileRef = BFB15999472B392049777CAC /* CurrentModeCardView.swift */; };
		A1B2C3D4E5F60718A9B0C1D2 /* WeeklyCalendarView.swift in Sources */ = {isa = PBXBuildFile; fileRef = B2C3D4E5F6071829A0B1C2D3 /* WeeklyCalendarView.swift */; };
		C3D4E5F607182930B1C2D3E4 /* ViewModeToggle.swift in Sources */ = {isa = PBXBuildFile; fileRef = D4E5F6071829304AC2D3E4F5 /* ViewModeToggle.swift */; };
		939A52A4520DBC851C4429E0 /* LifeArea.swift in Sources */ = {isa = PBXBuildFile; fileRef = C8DB5D646B30BC596A000D67 /* LifeArea.swift */; };
		024022443F649CC81A13082B /* LifeArea.swift in Sources */ = {isa = PBXBuildFile; fileRef = C8DB5D646B30BC596A000D67 /* LifeArea.swift */; };
		891703DE573B55AB39DD0E08 /* LifeArea.swift in Sources */ = {isa = PBXBuildFile; fileRef = C8DB5D646B30BC596A000D67 /* LifeArea.swift */; };
		C0A853D150B96E77AD76703C /* LifeArea.swift in Sources */ = {isa = PBXBuildFile; fileRef = C8DB5D646B30BC596A000D67 /* LifeArea.swift */; };
		EC179542D3ED8830D5EB595F /* LifeArea.swift in Sources */ = {isa = PBXBuildFile; fileRef = C8DB5D646B30BC596A000D67 /* LifeArea.swift */; };
		AAD7B9793415BBFC7BF9CAC4 /* UserProfile.swift in Sources */ = {isa = PBXBuildFile; fileRef = C37AA1480F66F00EA790BF7A /* UserProfile.swift */; };
		4BBC236587B955FF77728AE9 /* UserProfile.swift in Sources */ = {isa = PBXBuildFile; fileRef = C37AA1480F66F00EA790BF7A /* UserProfile.swift */; };
		3A085329C7EC2DA3A06D3F35 /* UserProfile.swift in Sources */ = {isa = PBXBuildFile; fileRef = C37AA1480F66F00EA790BF7A /* UserProfile.swift */; };
		E9796FB9F480C233A678F0E7 /* UserProfile.swift in Sources */ = {isa = PBXBuildFile; fileRef = C37AA1480F66F00EA790BF7A /* UserProfile.swift */; };
		D4CAAF168BE2EB55DEE3FE45 /* UserProfile.swift in Sources */ = {isa = PBXBuildFile; fileRef = C37AA1480F66F00EA790BF7A /* UserProfile.swift */; };
		E176FBC5148F863246AF3008 /* GroqService.swift in Sources */ = {isa = PBXBuildFile; fileRef = A20BFF97B643FCB8F9B84622 /* GroqService.swift */; };
		88A9B477A7468E9DB3438113 /* GroqService.swift in Sources */ = {isa = PBXBuildFile; fileRef = A20BFF97B643FCB8F9B84622 /* GroqService.swift */; };
		D4F4B7D1938164F6564F05D5 /* GroqService.swift in Sources */ = {isa = PBXBuildFile; fileRef = A20BFF97B643FCB8F9B84622 /* GroqService.swift */; };
		5FBE735F56D59E717130425C /* GroqService.swift in Sources */ = {isa = PBXBuildFile; fileRef = A20BFF97B643FCB8F9B84622 /* GroqService.swift */; };
		C0DB166FEC1283E0537A93ED /* GroqService.swift in Sources */ = {isa = PBXBuildFile; fileRef = A20BFF97B643FCB8F9B84622 /* GroqService.swift */; };
		37A6E4A95AB4BDC57C8917AE /* AIResponseCache.swift in Sources */ = {isa = PBXBuildFile; fileRef = F3B866AB7149CFE3965A1839 /* AIResponseCache.swift */; };
		AE2B30DD9754D2C3E3018729 /* AIResponseCache.swift in Sources */ = {isa = PBXBuildFile; fileRef = F3B866AB7149CFE3965A1839 /* AIResponseCache.swift */; };
		74FD36CBF3A55A2C3D62EFE9 /* AIResponseCache.swift in Sources */ = {isa = PBXBuildFile; fileRef = F3B866AB7149CFE3965A1839 /* AIResponseCache.swift */; };
		2535A3C05C4E9DC6DD4AB0C6 /* AIResponseCache.swift in Sources */ = {isa = PBXBuildFile; fileRef = F3B866AB7149CFE3965A1839 /* AIResponseCache.swift */; };
		161DBA9E04D84776549E289D /* AIResponseCache.swift in Sources */ = {isa = PBXBuildFile; fileRef = F3B866AB7149CFE3965A1839 /* AIResponseCache.swift */; };
		3E72B1CFE34D24930957E7D8 /* ScheduleTemplateService.swift in Sources */ = {isa = PBXBuildFile; fileRef = 073F4562A7B5383C188541CD /* ScheduleTemplateService.swift */; };
		5AC10ABB3BB3DC7439985E66 /* ScheduleTemplateService.swift in Sources */ = {isa = PBXBuildFile; fileRef = 073F4562A7B5383C188541CD /* ScheduleTemplateService.swift */; };
		4141C67267EBF2E45285C443 /* ScheduleTemplateService.swift in Sources */ = {isa = PBXBuildFile; fileRef = 073F4562A7B5383C188541CD /* ScheduleTemplateService.swift */; };
		9197F8E29D9535FCD686B777 /* ScheduleTemplateService.swift in Sources */ = {isa = PBXBuildFile; fileRef = 073F4562A7B5383C188541CD /* ScheduleTemplateService.swift */; };
		33FA5AA1F5987CEAC059DC15 /* ScheduleTemplateService.swift in Sources */ = {isa = PBXBuildFile; fileRef = 073F4562A7B5383C188541CD /* ScheduleTemplateService.swift */; };
		BC4539692A31BFFD29E0A07C /* AIPromptTemplates.swift in Sources */ = {isa = PBXBuildFile; fileRef = A9A34F22DAD057ACC098EC99 /* AIPromptTemplates.swift */; };
		50EF24424912D8F031583588 /* AIPromptTemplates.swift in Sources */ = {isa = PBXBuildFile; fileRef = A9A34F22DAD057ACC098EC99 /* AIPromptTemplates.swift */; };
		462ED94A59744602FD018525 /* AIPromptTemplates.swift in Sources */ = {isa = PBXBuildFile; fileRef = A9A34F22DAD057ACC098EC99 /* AIPromptTemplates.swift */; };
		040E1D4927494B1CC76773B4 /* AIPromptTemplates.swift in Sources */ = {isa = PBXBuildFile; fileRef = A9A34F22DAD057ACC098EC99 /* AIPromptTemplates.swift */; };
		EAFA5736ACBD2C9DED474D4D /* AIPromptTemplates.swift in Sources */ = {isa = PBXBuildFile; fileRef = A9A34F22DAD057ACC098EC99 /* AIPromptTemplates.swift */; };
		BA8A1BC16007F9CECD307599 /* TimeBlockValidator.swift in Sources */ = {isa = PBXBuildFile; fileRef = F403B5D25C9D8566DCBBEC49 /* TimeBlockValidator.swift */; };
		1F08DAEECD6CF3A52948FB2F /* TimeBlockValidator.swift in Sources */ = {isa = PBXBuildFile; fileRef = F403B5D25C9D8566DCBBEC49 /* TimeBlockValidator.swift */; };
		74C33EC6BF0CE530A74AACAF /* TimeBlockValidator.swift in Sources */ = {isa = PBXBuildFile; fileRef = F403B5D25C9D8566DCBBEC49 /* TimeBlockValidator.swift */; };
		CD09297E8FC11FE26E3B2B97 /* TimeBlockValidator.swift in Sources */ = {isa = PBXBuildFile; fileRef = F403B5D25C9D8566DCBBEC49 /* TimeBlockValidator.swift */; };
		BB69DBD100F7B0348C7949E1 /* TimeBlockValidator.swift in Sources */ = {isa = PBXBuildFile; fileRef = F403B5D25C9D8566DCBBEC49 /* TimeBlockValidator.swift */; };
		951775D466421D9910589E3B /* AIOnboardingViewModel.swift in Sources */ = {isa = PBXBuildFile; fileRef = 9F21F3451648298777054BB6 /* AIOnboardingViewModel.swift */; };
		518A4B03ABCF63C9EB5545AE /* NLCommandViewModel.swift in Sources */ = {isa = PBXBuildFile; fileRef = D44DBF32901FBEA80D331F1F /* NLCommandViewModel.swift */; };
		3B7C4E9555A96DBC8D5A9B37 /* WeeklyReviewViewModel.swift in Sources */ = {isa = PBXBuildFile; fileRef = CEE76B35BE40841B35CC073E /* WeeklyReviewViewModel.swift */; };
		A4388E754BF38625EF9D135D /* AISettingsSection.swift in Sources */ = {isa = PBXBuildFile; fileRef = 92897DB147D830D9AC4CCA01 /* AISettingsSection.swift */; };
		E38FBD23AE8375E668274091 /* LifeAreaPickerView.swift in Sources */ = {isa = PBXBuildFile; fileRef = 6EDD18B92223218B73FD74E2 /* LifeAreaPickerView.swift */; };
		4CD3AF3A7D56A32EAA27EB66 /* QuickQuestionsView.swift in Sources */ = {isa = PBXBuildFile; fileRef = 6466617E86D7E845737C87A3 /* QuickQuestionsView.swift */; };
		E256B8DCDD2362EA33B4ECE1 /* AIGeneratingView.swift in Sources */ = {isa = PBXBuildFile; fileRef = 83CCA71438DC9F4816809630 /* AIGeneratingView.swift */; };
		C58B158E1C0CEC1FE25498A7 /* NLCommandBar.swift in Sources */ = {isa = PBXBuildFile; fileRef = 5E87242CDC775B5CD047A1C8 /* NLCommandBar.swift */; };
		57B36080F5D4250D2DE85F02 /* NLCommandSheet.swift in Sources */ = {isa = PBXBuildFile; fileRef = 2BB3BC2A46FC4EC26EF801C9 /* NLCommandSheet.swift */; };
		9080CF20CDE9975D7022BB13 /* WeeklyReviewView.swift in Sources */ = {isa = PBXBuildFile; fileRef = 6FF1C4EA8E5E31183072586E /* WeeklyReviewView.swift */; };
		DD4E5F6A7B8C9D0E1F2A3B4C /* OnboardingDistractionsView.swift in Sources */ = {isa = PBXBuildFile; fileRef = AA1B2C3D4E5F6A7B8C9D0E1F /* OnboardingDistractionsView.swift */; };
		FF6A7B8C9D0E1F2A3B4C5D6E /* OnboardingScheduleBuilderView.swift in Sources */ = {isa = PBXBuildFile; fileRef = CC3D4E5F6A7B8C9D0E1F2A3B /* OnboardingScheduleBuilderView.swift */; };
		1A2B3C4D5E6F70819203A4B5 /* GroqModels.swift in Sources */ = {isa = PBXBuildFile; fileRef = 7A3B4C5D6E7F8091A2B3C4D5 /* GroqModels.swift */; };
		2B3C4D5E6F708192A3B4C5D6 /* GroqModels.swift in Sources */ = {isa = PBXBuildFile; fileRef = 7A3B4C5D6E7F8091A2B3C4D5 /* GroqModels.swift */; };
		3C4D5E6F70819203B4C5D6E7 /* GroqModels.swift in Sources */ = {isa = PBXBuildFile; fileRef = 7A3B4C5D6E7F8091A2B3C4D5 /* GroqModels.swift */; };
		4D5E6F7081920314C5D6E7F8 /* GroqModels.swift in Sources */ = {isa = PBXBuildFile; fileRef = 7A3B4C5D6E7F8091A2B3C4D5 /* GroqModels.swift */; };
		5E6F708192031425D6E7F809 /* GroqModels.swift in Sources */ = {isa = PBXBuildFile; fileRef = 7A3B4C5D6E7F8091A2B3C4D5 /* GroqModels.swift */; };
		AA00000000000001A0000002 /* ContentFilterPreset.swift in Sources */ = {isa = PBXBuildFile; fileRef = AA00000000000001A0000001 /* ContentFilterPreset.swift */; };
		AA00000000000001A0000003 /* ContentFilterPreset.swift in Sources */ = {isa = PBXBuildFile; fileRef = AA00000000000001A0000001 /* ContentFilterPreset.swift */; };
		AA00000000000001A0000004 /* ContentFilterPreset.swift in Sources */ = {isa = PBXBuildFile; fileRef = AA00000000000001A0000001 /* ContentFilterPreset.swift */; };
		AA00000000000001A0000005 /* ContentFilterPreset.swift in Sources */ = {isa = PBXBuildFile; fileRef = AA00000000000001A0000001 /* ContentFilterPreset.swift */; };
		AA00000000000001A0000006 /* ContentFilterPreset.swift in Sources */ = {isa = PBXBuildFile; fileRef = AA00000000000001A0000001 /* ContentFilterPreset.swift */; };
		AA00000000000001B0000002 /* ContentFilterPresetStore.swift in Sources */ = {isa = PBXBuildFile; fileRef = AA00000000000001B0000001 /* ContentFilterPresetStore.swift */; };
		AA00000000000001B0000003 /* ContentFilterPresetStore.swift in Sources */ = {isa = PBXBuildFile; fileRef = AA00000000000001B0000001 /* ContentFilterPresetStore.swift */; };
		AA00000000000001B0000004 /* ContentFilterPresetStore.swift in Sources */ = {isa = PBXBuildFile; fileRef = AA00000000000001B0000001 /* ContentFilterPresetStore.swift */; };
		AA00000000000001B0000005 /* ContentFilterPresetStore.swift in Sources */ = {isa = PBXBuildFile; fileRef = AA00000000000001B0000001 /* ContentFilterPresetStore.swift */; };
		AA00000000000001B0000006 /* ContentFilterPresetStore.swift in Sources */ = {isa = PBXBuildFile; fileRef = AA00000000000001B0000001 /* ContentFilterPresetStore.swift */; };
/* End PBXBuildFile section */

/* Begin PBXContainerItemProxy section */
		2BAE12C6351236D9125A6FEE /* PBXContainerItemProxy */ = {
			isa = PBXContainerItemProxy;
			containerPortal = 8817A21E292F75017FD7A5EC /* Project object */;
			proxyType = 1;
			remoteGlobalIDString = 3B87F3B1EE7717621692D815;
			remoteInfo = FocusPhoneWidget;
		};
		74982FE3E86D2C50DFA1035B /* PBXContainerItemProxy */ = {
			isa = PBXContainerItemProxy;
			containerPortal = 8817A21E292F75017FD7A5EC /* Project object */;
			proxyType = 1;
			remoteGlobalIDString = 0034409725D123AED060BAFD;
			remoteInfo = DeviceActivityMonitorExtension;
		};
		96A954BA9041B8A32753E8D6 /* PBXContainerItemProxy */ = {
			isa = PBXContainerItemProxy;
			containerPortal = 8817A21E292F75017FD7A5EC /* Project object */;
			proxyType = 1;
			remoteGlobalIDString = 52F48AA1EDC0E57494388C57;
			remoteInfo = ShieldConfigurationExtension;
		};
		AF5E825FC22CB77FD55B788B /* PBXContainerItemProxy */ = {
			isa = PBXContainerItemProxy;
			containerPortal = 8817A21E292F75017FD7A5EC /* Project object */;
			proxyType = 1;
			remoteGlobalIDString = 05406DA91DDE38B7567CBC13;
			remoteInfo = ContentBlockerExtension;
		};
/* End PBXContainerItemProxy section */

/* Begin PBXCopyFilesBuildPhase section */
		2D22D1FAF8D246854CC1285D /* Embed Foundation Extensions */ = {
			isa = PBXCopyFilesBuildPhase;
			buildActionMask = 2147483647;
			dstPath = "";
			dstSubfolderSpec = 13;
			files = (
				21F3326787BF9DAADCC006A1 /* DeviceActivityMonitorExtension.appex in Embed Foundation Extensions */,
				82E6A99F1AC9F10730CDD00A /* ShieldConfigurationExtension.appex in Embed Foundation Extensions */,
				891B3ECFA838962FCDA19B62 /* ContentBlockerExtension.appex in Embed Foundation Extensions */,
				DE9137CED88C4D1F3B874AE0 /* FocusPhoneWidget.appex in Embed Foundation Extensions */,
			);
			name = "Embed Foundation Extensions";
			runOnlyForDeploymentPostprocessing = 0;
		};
/* End PBXCopyFilesBuildPhase section */

/* Begin PBXFileReference section */
		02842383AE607AA51C9330A1 /* ModeListViewModel.swift */ = {isa = PBXFileReference; lastKnownFileType = sourcecode.swift; path = ModeListViewModel.swift; sourceTree = "<group>"; };
		091A8F3DC57D8E21F2782EA6 /* ModeEditorView.swift */ = {isa = PBXFileReference; lastKnownFileType = sourcecode.swift; path = ModeEditorView.swift; sourceTree = "<group>"; };
		0B8B03BCD44643D1F43B3EB4 /* WeeklySchedule.swift */ = {isa = PBXFileReference; lastKnownFileType = sourcecode.swift; path = WeeklySchedule.swift; sourceTree = "<group>"; };
		0EA392E7299AA64DE38A6C09 /* FocusPhoneWidget.swift */ = {isa = PBXFileReference; lastKnownFileType = sourcecode.swift; path = FocusPhoneWidget.swift; sourceTree = "<group>"; };
		13A32D2DA50D72D17181FC51 /* DeviceActivityMonitorExtension.appex */ = {isa = PBXFileReference; includeInIndex = 0; lastKnownFileType = "wrapper.app-extension"; path = DeviceActivityMonitorExtension.appex; sourceTree = BUILT_PRODUCTS_DIR; };
		13ABA97AE6030D3314E5B0DE /* ContentBlockerExtension.appex */ = {isa = PBXFileReference; includeInIndex = 0; lastKnownFileType = "wrapper.app-extension"; path = ContentBlockerExtension.appex; sourceTree = BUILT_PRODUCTS_DIR; };
		142BA91A8F9991BB4DC9F5D3 /* Info.plist */ = {isa = PBXFileReference; lastKnownFileType = text.plist; path = Info.plist; sourceTree = "<group>"; };
		202449C712B38F1723046417 /* Color+Hex.swift */ = {isa = PBXFileReference; lastKnownFileType = sourcecode.swift; path = "Color+Hex.swift"; sourceTree = "<group>"; };
		22CA11843C7EE57B7F2B804B /* StatsView.swift */ = {isa = PBXFileReference; lastKnownFileType = sourcecode.swift; path = StatsView.swift; sourceTree = "<group>"; };
		286248FD344AFD8CCC385F72 /* DeviceActivityMonitorExtension.swift */ = {isa = PBXFileReference; lastKnownFileType = sourcecode.swift; path = DeviceActivityMonitorExtension.swift; sourceTree = "<group>"; };
		3226870292F5A68BEC23591A /* AddTimeBlockView.swift */ = {isa = PBXFileReference; lastKnownFileType = sourcecode.swift; path = AddTimeBlockView.swift; sourceTree = "<group>"; };
		39AFE8F5DEABE3D40640D0BD /* WeekDaySelectorView.swift */ = {isa = PBXFileReference; lastKnownFileType = sourcecode.swift; path = WeekDaySelectorView.swift; sourceTree = "<group>"; };
		3EA2EC78BA531FD508093EEA /* IconPickerView.swift */ = {isa = PBXFileReference; lastKnownFileType = sourcecode.swift; path = IconPickerView.swift; sourceTree = "<group>"; };
		4F8A83EBF4701014989D13A3 /* Assets.xcassets */ = {isa = PBXFileReference; lastKnownFileType = folder.assetcatalog; path = Assets.xcassets; sourceTree = "<group>"; };
		5128A93B3568851821870CD6 /* ContentBlockerRequestHandler.swift */ = {isa = PBXFileReference; lastKnownFileType = sourcecode.swift; path = ContentBlockerRequestHandler.swift; sourceTree = "<group>"; };
		53380FB50E34F4ACE6F907ED /* MainTabView.swift */ = {isa = PBXFileReference; lastKnownFileType = sourcecode.swift; path = MainTabView.swift; sourceTree = "<group>"; };
		55CF075A6306801351383958 /* StatsViewModel.swift */ = {isa = PBXFileReference; lastKnownFileType = sourcecode.swift; path = StatsViewModel.swift; sourceTree = "<group>"; };
		564950C6AEB834EF17207C26 /* Info.plist */ = {isa = PBXFileReference; lastKnownFileType = text.plist; path = Info.plist; sourceTree = "<group>"; };
		56B7E1F0F0D9FA5EF4D24CEB /* FocusPhoneWidget.appex */ = {isa = PBXFileReference; includeInIndex = 0; lastKnownFileType = "wrapper.app-extension"; path = FocusPhoneWidget.appex; sourceTree = BUILT_PRODUCTS_DIR; };
		594B7BE104190E51B06FB01C /* BlockingService.swift */ = {isa = PBXFileReference; lastKnownFileType = sourcecode.swift; path = BlockingService.swift; sourceTree = "<group>"; };
		625AFD09AD0CF5DFE3553855 /* Mode.swift */ = {isa = PBXFileReference; lastKnownFileType = sourcecode.swift; path = Mode.swift; sourceTree = "<group>"; };
		65532370280A426249164C93 /* ModeSession.swift */ = {isa = PBXFileReference; lastKnownFileType = sourcecode.swift; path = ModeSession.swift; sourceTree = "<group>"; };
		65730AC4F38218C542ECB4D8 /* Info.plist */ = {isa = PBXFileReference; lastKnownFileType = text.plist; path = Info.plist; sourceTree = "<group>"; };
		6720BCE6425B9138CD73DFD3 /* DeviceActivityMonitorExtension.entitlements */ = {isa = PBXFileReference; lastKnownFileType = text.plist.entitlements; path = DeviceActivityMonitorExtension.entitlements; sourceTree = "<group>"; };
		6C0230933076CFE791064BFA /* Constants.swift */ = {isa = PBXFileReference; lastKnownFileType = sourcecode.swift; path = Constants.swift; sourceTree = "<group>"; };
		721B6912F360904BD0A2D800 /* blockerList.json */ = {isa = PBXFileReference; lastKnownFileType = text.json; path = blockerList.json; sourceTree = "<group>"; };
		730C68E385C90417A4E03A3E /* Info.plist */ = {isa = PBXFileReference; lastKnownFileType = text.plist; path = Info.plist; sourceTree = "<group>"; };
		7D870530867D1C5BF3D2DBB4 /* OnboardingView.swift */ = {isa = PBXFileReference; lastKnownFileType = sourcecode.swift; path = OnboardingView.swift; sourceTree = "<group>"; };
		820532D3B3E41C90DE1782D5 /* ShieldConfigurationExtension.swift */ = {isa = PBXFileReference; lastKnownFileType = sourcecode.swift; path = ShieldConfigurationExtension.swift; sourceTree = "<group>"; };
		82165BA9EC22CC77CA6C8909 /* SettingsView.swift */ = {isa = PBXFileReference; lastKnownFileType = sourcecode.swift; path = SettingsView.swift; sourceTree = "<group>"; };
		83AEF32365B0361D3B3BC800 /* ContentBlockerService.swift */ = {isa = PBXFileReference; lastKnownFileType = sourcecode.swift; path = ContentBlockerService.swift; sourceTree = "<group>"; };
		941DD181E6572785AD762908 /* ContentView.swift */ = {isa = PBXFileReference; lastKnownFileType = sourcecode.swift; path = ContentView.swift; sourceTree = "<group>"; };
		969C7B0A77A80986AFB78672 /* ColorPickerGridView.swift */ = {isa = PBXFileReference; lastKnownFileType = sourcecode.swift; path = ColorPickerGridView.swift; sourceTree = "<group>"; };
		98226FBFCCE57E2914379AB5 /* FocusPhone.app */ = {isa = PBXFileReference; includeInIndex = 0; lastKnownFileType = wrapper.application; path = FocusPhone.app; sourceTree = BUILT_PRODUCTS_DIR; };
		9A9396186130BD0BAB302602 /* ContentBlockerExtension.entitlements */ = {isa = PBXFileReference; lastKnownFileType = text.plist.entitlements; path = ContentBlockerExtension.entitlements; sourceTree = "<group>"; };
		9ED967B427728E7E02870B55 /* Weekday.swift */ = {isa = PBXFileReference; lastKnownFileType = sourcecode.swift; path = Weekday.swift; sourceTree = "<group>"; };
		ABA9E32158914313B6846D91 /* ShieldConfigurationExtension.appex */ = {isa = PBXFileReference; includeInIndex = 0; lastKnownFileType = "wrapper.app-extension"; path = ShieldConfigurationExtension.appex; sourceTree = BUILT_PRODUCTS_DIR; };
		B1EA15BFADFA42D3D6A31F2E /* SettingsViewModel.swift */ = {isa = PBXFileReference; lastKnownFileType = sourcecode.swift; path = SettingsViewModel.swift; sourceTree = "<group>"; };
		BAC5EECC93A9D82CDC2F27BE /* AppState.swift */ = {isa = PBXFileReference; lastKnownFileType = sourcecode.swift; path = AppState.swift; sourceTree = "<group>"; };
		C432225678C4C1879B3E9CD1 /* ModeListTab.swift */ = {isa = PBXFileReference; lastKnownFileType = sourcecode.swift; path = ModeListTab.swift; sourceTree = "<group>"; };
		C531965CF0B2497FC019175D /* CalendarTab.swift */ = {isa = PBXFileReference; lastKnownFileType = sourcecode.swift; path = CalendarTab.swift; sourceTree = "<group>"; };
		D0D98D6620172FCA7B736765 /* TimeBlock.swift */ = {isa = PBXFileReference; lastKnownFileType = sourcecode.swift; path = TimeBlock.swift; sourceTree = "<group>"; };
		D5A1CCC34917FC2F0E8CF58E /* ShieldConfigurationExtension.entitlements */ = {isa = PBXFileReference; lastKnownFileType = text.plist.entitlements; path = ShieldConfigurationExtension.entitlements; sourceTree = "<group>"; };
		DA07F60273976DEA7747E87A /* DayTimelineView.swift */ = {isa = PBXFileReference; lastKnownFileType = sourcecode.swift; path = DayTimelineView.swift; sourceTree = "<group>"; };
		DC40D2EA0A1A8B966F3257FD /* FocusPhoneApp.swift */ = {isa = PBXFileReference; lastKnownFileType = sourcecode.swift; path = FocusPhoneApp.swift; sourceTree = "<group>"; };
		DDEC7838DADD972E49ED226A /* CalendarViewModel.swift */ = {isa = PBXFileReference; lastKnownFileType = sourcecode.swift; path = CalendarViewModel.swift; sourceTree = "<group>"; };
		E513875DC1E10F08A7D14D3C /* Info.plist */ = {isa = PBXFileReference; lastKnownFileType = text.plist; path = Info.plist; sourceTree = "<group>"; };
		E7D615F496A73FD46E0C3BB7 /* ScheduleService.swift */ = {isa = PBXFileReference; lastKnownFileType = sourcecode.swift; path = ScheduleService.swift; sourceTree = "<group>"; };
		EBE3499BB57BC583A76ABBAC /* FocusPhone.entitlements */ = {isa = PBXFileReference; lastKnownFileType = text.plist.entitlements; path = FocusPhone.entitlements; sourceTree = "<group>"; };
		ED5FF9BDBBCEC3334409C107 /* UIColor+Hex.swift */ = {isa = PBXFileReference; lastKnownFileType = sourcecode.swift; path = "UIColor+Hex.swift"; sourceTree = "<group>"; };
		FA6B83D67A1A4A8149845433 /* DefaultModes.swift */ = {isa = PBXFileReference; lastKnownFileType = sourcecode.swift; path = DefaultModes.swift; sourceTree = "<group>"; };
		FBF87B4FA2287FC6586FC461 /* FocusPhoneWidget.entitlements */ = {isa = PBXFileReference; lastKnownFileType = text.plist.entitlements; path = FocusPhoneWidget.entitlements; sourceTree = "<group>"; };
		FF71488AB8CBE9EAA91406A7 /* AuthViewModel.swift */ = {isa = PBXFileReference; lastKnownFileType = sourcecode.swift; path = AuthViewModel.swift; sourceTree = "<group>"; };
		7EBD98CEC340EDA9C44AE50D /* PrivacyInfo.xcprivacy */ = {isa = PBXFileReference; lastKnownFileType = text.xml; path = PrivacyInfo.xcprivacy; sourceTree = "<group>"; };
		851E459784822640C0B05113 /* PrivacyInfo.xcprivacy */ = {isa = PBXFileReference; lastKnownFileType = text.xml; path = PrivacyInfo.xcprivacy; sourceTree = "<group>"; };
		4682C20C55B1D22FF536CE64 /* PrivacyInfo.xcprivacy */ = {isa = PBXFileReference; lastKnownFileType = text.xml; path = PrivacyInfo.xcprivacy; sourceTree = "<group>"; };
		73018DBCE7F7BB3157BF1522 /* PrivacyInfo.xcprivacy */ = {isa = PBXFileReference; lastKnownFileType = text.xml; path = PrivacyInfo.xcprivacy; sourceTree = "<group>"; };
		D86DD1ADD77FC7207EEE3FFD /* PrivacyInfo.xcprivacy */ = {isa = PBXFileReference; lastKnownFileType = text.xml; path = PrivacyInfo.xcprivacy; sourceTree = "<group>"; };
		EFE28C0C56B41229F0C763D9 /* DailyIntention.swift */ = {isa = PBXFileReference; lastKnownFileType = sourcecode.swift; path = DailyIntention.swift; sourceTree = "<group>"; };
		DD66608C672AA11D3CE1078B /* DailyStats.swift */ = {isa = PBXFileReference; lastKnownFileType = sourcecode.swift; path = DailyStats.swift; sourceTree = "<group>"; };
		D2D045C66563FD25E1D0A214 /* Theme.swift */ = {isa = PBXFileReference; lastKnownFileType = sourcecode.swift; path = Theme.swift; sourceTree = "<group>"; };
		DCD8F7294FE5FA36161CC998 /* ModeColor.swift */ = {isa = PBXFileReference; lastKnownFileType = sourcecode.swift; path = ModeColor.swift; sourceTree = "<group>"; };
		B008E382BA768CDDF412F98F /* DailyIntentionView.swift */ = {isa = PBXFileReference; lastKnownFileType = sourcecode.swift; path = DailyIntentionView.swift; sourceTree = "<group>"; };
		BFB15999472B392049777CAC /* CurrentModeCardView.swift */ = {isa = PBXFileReference; lastKnownFileType = sourcecode.swift; path = CurrentModeCardView.swift; sourceTree = "<group>"; };
		B2C3D4E5F6071829A0B1C2D3 /* WeeklyCalendarView.swift */ = {isa = PBXFileReference; lastKnownFileType = sourcecode.swift; path = WeeklyCalendarView.swift; sourceTree = "<group>"; };
		D4E5F6071829304AC2D3E4F5 /* ViewModeToggle.swift */ = {isa = PBXFileReference; lastKnownFileType = sourcecode.swift; path = ViewModeToggle.swift; sourceTree = "<group>"; };
		C8DB5D646B30BC596A000D67 /* LifeArea.swift */ = {isa = PBXFileReference; lastKnownFileType = sourcecode.swift; path = LifeArea.swift; sourceTree = "<group>"; };
		C37AA1480F66F00EA790BF7A /* UserProfile.swift */ = {isa = PBXFileReference; lastKnownFileType = sourcecode.swift; path = UserProfile.swift; sourceTree = "<group>"; };
		A20BFF97B643FCB8F9B84622 /* GroqService.swift */ = {isa = PBXFileReference; lastKnownFileType = sourcecode.swift; path = GroqService.swift; sourceTree = "<group>"; };
		F3B866AB7149CFE3965A1839 /* AIResponseCache.swift */ = {isa = PBXFileReference; lastKnownFileType = sourcecode.swift; path = AIResponseCache.swift; sourceTree = "<group>"; };
		073F4562A7B5383C188541CD /* ScheduleTemplateService.swift */ = {isa = PBXFileReference; lastKnownFileType = sourcecode.swift; path = ScheduleTemplateService.swift; sourceTree = "<group>"; };
		A9A34F22DAD057ACC098EC99 /* AIPromptTemplates.swift */ = {isa = PBXFileReference; lastKnownFileType = sourcecode.swift; path = AIPromptTemplates.swift; sourceTree = "<group>"; };
		F403B5D25C9D8566DCBBEC49 /* TimeBlockValidator.swift */ = {isa = PBXFileReference; lastKnownFileType = sourcecode.swift; path = TimeBlockValidator.swift; sourceTree = "<group>"; };
		9F21F3451648298777054BB6 /* AIOnboardingViewModel.swift */ = {isa = PBXFileReference; lastKnownFileType = sourcecode.swift; path = AIOnboardingViewModel.swift; sourceTree = "<group>"; };
		D44DBF32901FBEA80D331F1F /* NLCommandViewModel.swift */ = {isa = PBXFileReference; lastKnownFileType = sourcecode.swift; path = NLCommandViewModel.swift; sourceTree = "<group>"; };
		CEE76B35BE40841B35CC073E /* WeeklyReviewViewModel.swift */ = {isa = PBXFileReference; lastKnownFileType = sourcecode.swift; path = WeeklyReviewViewModel.swift; sourceTree = "<group>"; };
		92897DB147D830D9AC4CCA01 /* AISettingsSection.swift */ = {isa = PBXFileReference; lastKnownFileType = sourcecode.swift; path = AISettingsSection.swift; sourceTree = "<group>"; };
		6EDD18B92223218B73FD74E2 /* LifeAreaPickerView.swift */ = {isa = PBXFileReference; lastKnownFileType = sourcecode.swift; path = LifeAreaPickerView.swift; sourceTree = "<group>"; };
		6466617E86D7E845737C87A3 /* QuickQuestionsView.swift */ = {isa = PBXFileReference; lastKnownFileType = sourcecode.swift; path = QuickQuestionsView.swift; sourceTree = "<group>"; };
		83CCA71438DC9F4816809630 /* AIGeneratingView.swift */ = {isa = PBXFileReference; lastKnownFileType = sourcecode.swift; path = AIGeneratingView.swift; sourceTree = "<group>"; };
		5E87242CDC775B5CD047A1C8 /* NLCommandBar.swift */ = {isa = PBXFileReference; lastKnownFileType = sourcecode.swift; path = NLCommandBar.swift; sourceTree = "<group>"; };
		2BB3BC2A46FC4EC26EF801C9 /* NLCommandSheet.swift */ = {isa = PBXFileReference; lastKnownFileType = sourcecode.swift; path = NLCommandSheet.swift; sourceTree = "<group>"; };
		6FF1C4EA8E5E31183072586E /* WeeklyReviewView.swift */ = {isa = PBXFileReference; lastKnownFileType = sourcecode.swift; path = WeeklyReviewView.swift; sourceTree = "<group>"; };
		AA1B2C3D4E5F6A7B8C9D0E1F /* OnboardingDistractionsView.swift */ = {isa = PBXFileReference; lastKnownFileType = sourcecode.swift; path = OnboardingDistractionsView.swift; sourceTree = "<group>"; };
		CC3D4E5F6A7B8C9D0E1F2A3B /* OnboardingScheduleBuilderView.swift */ = {isa = PBXFileReference; lastKnownFileType = sourcecode.swift; path = OnboardingScheduleBuilderView.swift; sourceTree = "<group>"; };
		7A3B4C5D6E7F8091A2B3C4D5 /* GroqModels.swift */ = {isa = PBXFileReference; lastKnownFileType = sourcecode.swift; path = GroqModels.swift; sourceTree = "<group>"; };
		AA00000000000001A0000001 /* ContentFilterPreset.swift */ = {isa = PBXFileReference; lastKnownFileType = sourcecode.swift; path = ContentFilterPreset.swift; sourceTree = "<group>"; };
		AA00000000000001B0000001 /* ContentFilterPresetStore.swift */ = {isa = PBXFileReference; lastKnownFileType = sourcecode.swift; path = ContentFilterPresetStore.swift; sourceTree = "<group>"; };
/* End PBXFileReference section */

/* Begin PBXGroup section */
		06D178381F712D50543D6C81 /* Models */ = {
			isa = PBXGroup;
			children = (
				BAC5EECC93A9D82CDC2F27BE /* AppState.swift */,
				EFE28C0C56B41229F0C763D9 /* DailyIntention.swift */,
				DD66608C672AA11D3CE1078B /* DailyStats.swift */,
				FA6B83D67A1A4A8149845433 /* DefaultModes.swift */,
				625AFD09AD0CF5DFE3553855 /* Mode.swift */,
				65532370280A426249164C93 /* ModeSession.swift */,
				D0D98D6620172FCA7B736765 /* TimeBlock.swift */,
				9ED967B427728E7E02870B55 /* Weekday.swift */,
				0B8B03BCD44643D1F43B3EB4 /* WeeklySchedule.swift */,
				C8DB5D646B30BC596A000D67 /* LifeArea.swift */,
				C37AA1480F66F00EA790BF7A /* UserProfile.swift */,
				7A3B4C5D6E7F8091A2B3C4D5 /* GroqModels.swift */,
				AA00000000000001A0000001 /* ContentFilterPreset.swift */,
			);
			path = Models;
			sourceTree = "<group>";
		};
		2036C3431F999BB90636C1AE /* Helpers */ = {
			isa = PBXGroup;
			children = (
				202449C712B38F1723046417 /* Color+Hex.swift */,
				DCD8F7294FE5FA36161CC998 /* ModeColor.swift */,
				D2D045C66563FD25E1D0A214 /* Theme.swift */,
				ED5FF9BDBBCEC3334409C107 /* UIColor+Hex.swift */,
			);
			path = Helpers;
			sourceTree = "<group>";
		};
		22FCCF9A5E612DAB2ECAC502 /* ShieldConfigurationExtension */ = {
			isa = PBXGroup;
			children = (
				564950C6AEB834EF17207C26 /* Info.plist */,
				D5A1CCC34917FC2F0E8CF58E /* ShieldConfigurationExtension.entitlements */,
				820532D3B3E41C90DE1782D5 /* ShieldConfigurationExtension.swift */,
				4682C20C55B1D22FF536CE64 /* PrivacyInfo.xcprivacy */,
			);
			path = ShieldConfigurationExtension;
			sourceTree = "<group>";
		};
		30B1DDBF836325B6B5E0B26B /* DeviceActivityMonitorExtension */ = {
			isa = PBXGroup;
			children = (
				6720BCE6425B9138CD73DFD3 /* DeviceActivityMonitorExtension.entitlements */,
				286248FD344AFD8CCC385F72 /* DeviceActivityMonitorExtension.swift */,
				142BA91A8F9991BB4DC9F5D3 /* Info.plist */,
				851E459784822640C0B05113 /* PrivacyInfo.xcprivacy */,
			);
			path = DeviceActivityMonitorExtension;
			sourceTree = "<group>";
		};
		4B1419B52E4237A9FA265541 /* ContentBlockerExtension */ = {
			isa = PBXGroup;
			children = (
				721B6912F360904BD0A2D800 /* blockerList.json */,
				9A9396186130BD0BAB302602 /* ContentBlockerExtension.entitlements */,
				5128A93B3568851821870CD6 /* ContentBlockerRequestHandler.swift */,
				65730AC4F38218C542ECB4D8 /* Info.plist */,
				73018DBCE7F7BB3157BF1522 /* PrivacyInfo.xcprivacy */,
			);
			path = ContentBlockerExtension;
			sourceTree = "<group>";
		};
		56287B3F58F30444AF490B81 /* Views */ = {
			isa = PBXGroup;
			children = (
				3226870292F5A68BEC23591A /* AddTimeBlockView.swift */,
				C531965CF0B2497FC019175D /* CalendarTab.swift */,
				969C7B0A77A80986AFB78672 /* ColorPickerGridView.swift */,
				BFB15999472B392049777CAC /* CurrentModeCardView.swift */,
				B008E382BA768CDDF412F98F /* DailyIntentionView.swift */,
				DA07F60273976DEA7747E87A /* DayTimelineView.swift */,
				3EA2EC78BA531FD508093EEA /* IconPickerView.swift */,
				53380FB50E34F4ACE6F907ED /* MainTabView.swift */,
				091A8F3DC57D8E21F2782EA6 /* ModeEditorView.swift */,
				C432225678C4C1879B3E9CD1 /* ModeListTab.swift */,
				7D870530867D1C5BF3D2DBB4 /* OnboardingView.swift */,
				82165BA9EC22CC77CA6C8909 /* SettingsView.swift */,
				22CA11843C7EE57B7F2B804B /* StatsView.swift */,
				D4E5F6071829304AC2D3E4F5 /* ViewModeToggle.swift */,
				39AFE8F5DEABE3D40640D0BD /* WeekDaySelectorView.swift */,
				B2C3D4E5F6071829A0B1C2D3 /* WeeklyCalendarView.swift */,
				2495D5A44882EF1D49B4670D /* AI */,
			);
			path = Views;
			sourceTree = "<group>";
		};
		62E69B2BBF350C953ABB1A58 /* Products */ = {
			isa = PBXGroup;
			children = (
				13ABA97AE6030D3314E5B0DE /* ContentBlockerExtension.appex */,
				13A32D2DA50D72D17181FC51 /* DeviceActivityMonitorExtension.appex */,
				98226FBFCCE57E2914379AB5 /* FocusPhone.app */,
				56B7E1F0F0D9FA5EF4D24CEB /* FocusPhoneWidget.appex */,
				ABA9E32158914313B6846D91 /* ShieldConfigurationExtension.appex */,
			);
			name = Products;
			sourceTree = "<group>";
		};
		83899E3F5B717CBD02CF6EC5 /* ViewModels */ = {
			isa = PBXGroup;
			children = (
				FF71488AB8CBE9EAA91406A7 /* AuthViewModel.swift */,
				DDEC7838DADD972E49ED226A /* CalendarViewModel.swift */,
				02842383AE607AA51C9330A1 /* ModeListViewModel.swift */,
				B1EA15BFADFA42D3D6A31F2E /* SettingsViewModel.swift */,
				55CF075A6306801351383958 /* StatsViewModel.swift */,
				9F21F3451648298777054BB6 /* AIOnboardingViewModel.swift */,
				D44DBF32901FBEA80D331F1F /* NLCommandViewModel.swift */,
				CEE76B35BE40841B35CC073E /* WeeklyReviewViewModel.swift */,
			);
			path = ViewModels;
			sourceTree = "<group>";
		};
		8ED0EC1733D58163D8B350C2 /* Shared */ = {
			isa = PBXGroup;
			children = (
				6C0230933076CFE791064BFA /* Constants.swift */,
				2036C3431F999BB90636C1AE /* Helpers */,
				06D178381F712D50543D6C81 /* Models */,
				E5202C9080338A1CFF2EE963 /* Services */,
			);
			path = Shared;
			sourceTree = "<group>";
		};
		9153720A90F3123C31821C1E /* FocusPhoneWidget */ = {
			isa = PBXGroup;
			children = (
				FBF87B4FA2287FC6586FC461 /* FocusPhoneWidget.entitlements */,
				0EA392E7299AA64DE38A6C09 /* FocusPhoneWidget.swift */,
				E513875DC1E10F08A7D14D3C /* Info.plist */,
				D86DD1ADD77FC7207EEE3FFD /* PrivacyInfo.xcprivacy */,
			);
			path = FocusPhoneWidget;
			sourceTree = "<group>";
		};
		B8D7C90A81FC5C6D3B4B4BA0 = {
			isa = PBXGroup;
			children = (
				4B1419B52E4237A9FA265541 /* ContentBlockerExtension */,
				30B1DDBF836325B6B5E0B26B /* DeviceActivityMonitorExtension */,
				C9C4A354B94D4B594CA621DB /* FocusPhone */,
				9153720A90F3123C31821C1E /* FocusPhoneWidget */,
				8ED0EC1733D58163D8B350C2 /* Shared */,
				22FCCF9A5E612DAB2ECAC502 /* ShieldConfigurationExtension */,
				62E69B2BBF350C953ABB1A58 /* Products */,
			);
			sourceTree = "<group>";
		};
		C9C4A354B94D4B594CA621DB /* FocusPhone */ = {
			isa = PBXGroup;
			children = (
				941DD181E6572785AD762908 /* ContentView.swift */,
				EBE3499BB57BC583A76ABBAC /* FocusPhone.entitlements */,
				DC40D2EA0A1A8B966F3257FD /* FocusPhoneApp.swift */,
				730C68E385C90417A4E03A3E /* Info.plist */,
				FCBF4AD63F9C5BA4D7644512 /* Resources */,
				83899E3F5B717CBD02CF6EC5 /* ViewModels */,
				56287B3F58F30444AF490B81 /* Views */,
				7EBD98CEC340EDA9C44AE50D /* PrivacyInfo.xcprivacy */,
			);
			path = FocusPhone;
			sourceTree = "<group>";
		};
		E5202C9080338A1CFF2EE963 /* Services */ = {
			isa = PBXGroup;
			children = (
				594B7BE104190E51B06FB01C /* BlockingService.swift */,
				83AEF32365B0361D3B3BC800 /* ContentBlockerService.swift */,
				E7D615F496A73FD46E0C3BB7 /* ScheduleService.swift */,
				A20BFF97B643FCB8F9B84622 /* GroqService.swift */,
				F3B866AB7149CFE3965A1839 /* AIResponseCache.swift */,
				073F4562A7B5383C188541CD /* ScheduleTemplateService.swift */,
				A9A34F22DAD057ACC098EC99 /* AIPromptTemplates.swift */,
				F403B5D25C9D8566DCBBEC49 /* TimeBlockValidator.swift */,
				AA00000000000001B0000001 /* ContentFilterPresetStore.swift */,
			);
			path = Services;
			sourceTree = "<group>";
		};
		FCBF4AD63F9C5BA4D7644512 /* Resources */ = {
			isa = PBXGroup;
			children = (
				4F8A83EBF4701014989D13A3 /* Assets.xcassets */,
			);
			path = Resources;
			sourceTree = "<group>";
		};
		2495D5A44882EF1D49B4670D /* AI */ = {
			isa = PBXGroup;
			children = (
				92897DB147D830D9AC4CCA01 /* AISettingsSection.swift */,
				6EDD18B92223218B73FD74E2 /* LifeAreaPickerView.swift */,
				6466617E86D7E845737C87A3 /* QuickQuestionsView.swift */,
				83CCA71438DC9F4816809630 /* AIGeneratingView.swift */,
				5E87242CDC775B5CD047A1C8 /* NLCommandBar.swift */,
				2BB3BC2A46FC4EC26EF801C9 /* NLCommandSheet.swift */,
				6FF1C4EA8E5E31183072586E /* WeeklyReviewView.swift */,
				AA1B2C3D4E5F6A7B8C9D0E1F /* OnboardingDistractionsView.swift */,
				CC3D4E5F6A7B8C9D0E1F2A3B /* OnboardingScheduleBuilderView.swift */,
			);
			path = AI;
			sourceTree = "<group>";
		};
/* End PBXGroup section */

/* Begin PBXNativeTarget section */
		0034409725D123AED060BAFD /* DeviceActivityMonitorExtension */ = {
			isa = PBXNativeTarget;
			buildConfigurationList = 50DB496D5B2C91C8A5569B55 /* Build configuration list for PBXNativeTarget "DeviceActivityMonitorExtension" */;
			buildPhases = (
				027D8DA5207836B305C63AE6 /* Sources */,
				AFECF4B0CBEB53CF31AA0215 /* Resources */,
			);
			buildRules = (
			);
			dependencies = (
			);
			name = DeviceActivityMonitorExtension;
			packageProductDependencies = (
			);
			productName = DeviceActivityMonitorExtension;
			productReference = 13A32D2DA50D72D17181FC51 /* DeviceActivityMonitorExtension.appex */;
			productType = "com.apple.product-type.app-extension";
		};
		05406DA91DDE38B7567CBC13 /* ContentBlockerExtension */ = {
			isa = PBXNativeTarget;
			buildConfigurationList = EB2CB2479109277D6750ED22 /* Build configuration list for PBXNativeTarget "ContentBlockerExtension" */;
			buildPhases = (
				57699A7983F897A832D1C4F2 /* Sources */,
				1A18EEAF3B1A924FC8AD7AAF /* Resources */,
			);
			buildRules = (
			);
			dependencies = (
			);
			name = ContentBlockerExtension;
			packageProductDependencies = (
			);
			productName = ContentBlockerExtension;
			productReference = 13ABA97AE6030D3314E5B0DE /* ContentBlockerExtension.appex */;
			productType = "com.apple.product-type.app-extension";
		};
		3B87F3B1EE7717621692D815 /* FocusPhoneWidget */ = {
			isa = PBXNativeTarget;
			buildConfigurationList = 633479D95811005FBBEF5216 /* Build configuration list for PBXNativeTarget "FocusPhoneWidget" */;
			buildPhases = (
				B19FCE0041AA5ED3A06471E2 /* Sources */,
				897056D0F5BAACD195F664E5 /* Resources */,
			);
			buildRules = (
			);
			dependencies = (
			);
			name = FocusPhoneWidget;
			packageProductDependencies = (
			);
			productName = FocusPhoneWidget;
			productReference = 56B7E1F0F0D9FA5EF4D24CEB /* FocusPhoneWidget.appex */;
			productType = "com.apple.product-type.app-extension";
		};
		52F48AA1EDC0E57494388C57 /* ShieldConfigurationExtension */ = {
			isa = PBXNativeTarget;
			buildConfigurationList = DF61E172E718B75FEFA999A9 /* Build configuration list for PBXNativeTarget "ShieldConfigurationExtension" */;
			buildPhases = (
				53A1A10157559F89166045DC /* Sources */,
				23BE602F14618524674585E8 /* Resources */,
			);
			buildRules = (
			);
			dependencies = (
			);
			name = ShieldConfigurationExtension;
			packageProductDependencies = (
			);
			productName = ShieldConfigurationExtension;
			productReference = ABA9E32158914313B6846D91 /* ShieldConfigurationExtension.appex */;
			productType = "com.apple.product-type.app-extension";
		};
		B6F2E2B5DE289F40BA8E0798 /* FocusPhone */ = {
			isa = PBXNativeTarget;
			buildConfigurationList = 8254C9EED05FF03A5DB44B95 /* Build configuration list for PBXNativeTarget "FocusPhone" */;
			buildPhases = (
				C5EFDF813628993529405049 /* Sources */,
				6F069F6ED930E763A8A47054 /* Resources */,
				2D22D1FAF8D246854CC1285D /* Embed Foundation Extensions */,
			);
			buildRules = (
			);
			dependencies = (
				827591F4DB2F946659442494 /* PBXTargetDependency */,
				30FFE07CBAD6BBC16B1AF4AB /* PBXTargetDependency */,
				A0ACCED2CDD7658857E1246C /* PBXTargetDependency */,
				CD04F56ECEEFE5DCF7782411 /* PBXTargetDependency */,
			);
			name = FocusPhone;
			packageProductDependencies = (
			);
			productName = FocusPhone;
			productReference = 98226FBFCCE57E2914379AB5 /* FocusPhone.app */;
			productType = "com.apple.product-type.application";
		};
/* End PBXNativeTarget section */

/* Begin PBXProject section */
		8817A21E292F75017FD7A5EC /* Project object */ = {
			isa = PBXProject;
			attributes = {
				BuildIndependentTargetsInParallel = YES;
				LastUpgradeCheck = 2620;
				TargetAttributes = {
					0034409725D123AED060BAFD = {
						DevelopmentTeam = 2W3NRPZS9S;
					};
					05406DA91DDE38B7567CBC13 = {
						DevelopmentTeam = 2W3NRPZS9S;
					};
					3B87F3B1EE7717621692D815 = {
						DevelopmentTeam = 2W3NRPZS9S;
					};
					52F48AA1EDC0E57494388C57 = {
						DevelopmentTeam = 2W3NRPZS9S;
					};
					B6F2E2B5DE289F40BA8E0798 = {
						DevelopmentTeam = 2W3NRPZS9S;
					};
				};
			};
			buildConfigurationList = F50B4D25EEF5025DCC09A3B7 /* Build configuration list for PBXProject "FocusPhone" */;
			compatibilityVersion = "Xcode 14.0";
			developmentRegion = en;
			hasScannedForEncodings = 0;
			knownRegions = (
				Base,
				en,
			);
			mainGroup = B8D7C90A81FC5C6D3B4B4BA0;
			minimizedProjectReferenceProxies = 1;
			preferredProjectObjectVersion = 77;
			projectDirPath = "";
			projectRoot = "";
			targets = (
				05406DA91DDE38B7567CBC13 /* ContentBlockerExtension */,
				0034409725D123AED060BAFD /* DeviceActivityMonitorExtension */,
				B6F2E2B5DE289F40BA8E0798 /* FocusPhone */,
				3B87F3B1EE7717621692D815 /* FocusPhoneWidget */,
				52F48AA1EDC0E57494388C57 /* ShieldConfigurationExtension */,
			);
		};
/* End PBXProject section */

/* Begin PBXResourcesBuildPhase section */
		1A18EEAF3B1A924FC8AD7AAF /* Resources */ = {
			isa = PBXResourcesBuildPhase;
			buildActionMask = 2147483647;
			files = (
				188F5D00711BD4EF9D309071 /* blockerList.json in Resources */,
				AE45A6E87022E25F190DF6D5 /* PrivacyInfo.xcprivacy in Resources */,
			);
			runOnlyForDeploymentPostprocessing = 0;
		};
		6F069F6ED930E763A8A47054 /* Resources */ = {
			isa = PBXResourcesBuildPhase;
			buildActionMask = 2147483647;
			files = (
				A668DE4FAFE9CC17F97ED87A /* Assets.xcassets in Resources */,
				E1011D7AB549E56D3B74823E /* PrivacyInfo.xcprivacy in Resources */,
			);
			runOnlyForDeploymentPostprocessing = 0;
		};
		AFECF4B0CBEB53CF31AA0215 /* Resources */ = {
			isa = PBXResourcesBuildPhase;
			buildActionMask = 2147483647;
			files = (
				50FC3F25BE0DCBB159C82809 /* PrivacyInfo.xcprivacy in Resources */,
			);
			runOnlyForDeploymentPostprocessing = 0;
		};
		23BE602F14618524674585E8 /* Resources */ = {
			isa = PBXResourcesBuildPhase;
			buildActionMask = 2147483647;
			files = (
				3444E7565DAC813B283A08B9 /* PrivacyInfo.xcprivacy in Resources */,
			);
			runOnlyForDeploymentPostprocessing = 0;
		};
		897056D0F5BAACD195F664E5 /* Resources */ = {
			isa = PBXResourcesBuildPhase;
			buildActionMask = 2147483647;
			files = (
				903B270ABC1C696A0B74122B /* PrivacyInfo.xcprivacy in Resources */,
			);
			runOnlyForDeploymentPostprocessing = 0;
		};
/* End PBXResourcesBuildPhase section */

/* Begin PBXSourcesBuildPhase section */
		027D8DA5207836B305C63AE6 /* Sources */ = {
			isa = PBXSourcesBuildPhase;
			buildActionMask = 2147483647;
			files = (
				FD1A8F4BE3AE248428B4867F /* AppState.swift in Sources */,
				4C89293F10CAE0C62BE73094 /* BlockingService.swift in Sources */,
				8CA5BB976F8B82E9CC1B4991 /* Color+Hex.swift in Sources */,
				244E091E5897FFB63C455709 /* Constants.swift in Sources */,
				9D0F1B7430363DCF58DD15F0 /* ContentBlockerService.swift in Sources */,
				1CF901A80240729402CD78E2 /* DailyIntention.swift in Sources */,
				CACC89F1D97A01013F558B1E /* DailyStats.swift in Sources */,
				4FF8FAF4785C6A2C1B613B8C /* DefaultModes.swift in Sources */,
				8ADC5EBE22E5707E6BF3D5FD /* DeviceActivityMonitorExtension.swift in Sources */,
				4C58DDF933C6255426B05251 /* Mode.swift in Sources */,
				F52DFF68C34E6EFBC1324F3B /* ModeColor.swift in Sources */,
				F7080D1D266BCB333682016A /* ModeSession.swift in Sources */,
				7A65B706A1E9033497C528F5 /* ScheduleService.swift in Sources */,
				C7DA264D534320F766438ED3 /* Theme.swift in Sources */,
				4C434C7498FC79D7E9B00D8B /* TimeBlock.swift in Sources */,
				3DFC7767E81B974AF3D55800 /* UIColor+Hex.swift in Sources */,
				7CFFCB0F4EA1C89ECF72EADC /* Weekday.swift in Sources */,
				FD463381205F31C29D737783 /* WeeklySchedule.swift in Sources */,
				024022443F649CC81A13082B /* LifeArea.swift in Sources */,
				4BBC236587B955FF77728AE9 /* UserProfile.swift in Sources */,
				88A9B477A7468E9DB3438113 /* GroqService.swift in Sources */,
				AE2B30DD9754D2C3E3018729 /* AIResponseCache.swift in Sources */,
				5AC10ABB3BB3DC7439985E66 /* ScheduleTemplateService.swift in Sources */,
				50EF24424912D8F031583588 /* AIPromptTemplates.swift in Sources */,
				BA8A1BC16007F9CECD307599 /* TimeBlockValidator.swift in Sources */,
				2B3C4D5E6F708192A3B4C5D6 /* GroqModels.swift in Sources */,
				AA00000000000001A0000002 /* ContentFilterPreset.swift in Sources */,
				AA00000000000001B0000002 /* ContentFilterPresetStore.swift in Sources */,
			);
			runOnlyForDeploymentPostprocessing = 0;
		};
		53A1A10157559F89166045DC /* Sources */ = {
			isa = PBXSourcesBuildPhase;
			buildActionMask = 2147483647;
			files = (
				E6866B55EF474F44AD61ACCB /* AppState.swift in Sources */,
				51CDF02FEE697C3E642F6A09 /* BlockingService.swift in Sources */,
				9C998CB5B9BDF7AD1BB82362 /* Color+Hex.swift in Sources */,
				774752A993FF93C11918A181 /* Constants.swift in Sources */,
				6A5A15BFBC9E9584B3F5778E /* ContentBlockerService.swift in Sources */,
				04A706613CD0836869B3D149 /* DailyIntention.swift in Sources */,
				57FE56CD93BE98DE7D0430B1 /* DailyStats.swift in Sources */,
				D4A2E2542D83ABD2597C587F /* DefaultModes.swift in Sources */,
				7DDF60492292BCB3576B9743 /* Mode.swift in Sources */,
				BF4D6FC3D8B3FA9B65BFE95A /* ModeColor.swift in Sources */,
				BF01ACBBBFE91FF30CC2AB16 /* ModeSession.swift in Sources */,
				DC8C62856813C10EEF94621C /* ScheduleService.swift in Sources */,
				C64870FA12F415AA0F80C15A /* ShieldConfigurationExtension.swift in Sources */,
				9D0D3044B1C56FA78C498BC4 /* Theme.swift in Sources */,
				1EFA64542753E7BE521C0DC1 /* TimeBlock.swift in Sources */,
				76EC309D0D53065888AD1D06 /* UIColor+Hex.swift in Sources */,
				DF473C0A274F65DCF2F86234 /* Weekday.swift in Sources */,
				9E29DF87BFDEEFFAB5E44EAB /* WeeklySchedule.swift in Sources */,
				891703DE573B55AB39DD0E08 /* LifeArea.swift in Sources */,
				3A085329C7EC2DA3A06D3F35 /* UserProfile.swift in Sources */,
				D4F4B7D1938164F6564F05D5 /* GroqService.swift in Sources */,
				74FD36CBF3A55A2C3D62EFE9 /* AIResponseCache.swift in Sources */,
				4141C67267EBF2E45285C443 /* ScheduleTemplateService.swift in Sources */,
				462ED94A59744602FD018525 /* AIPromptTemplates.swift in Sources */,
				1F08DAEECD6CF3A52948FB2F /* TimeBlockValidator.swift in Sources */,
				3C4D5E6F70819203B4C5D6E7 /* GroqModels.swift in Sources */,
				AA00000000000001A0000003 /* ContentFilterPreset.swift in Sources */,
				AA00000000000001B0000003 /* ContentFilterPresetStore.swift in Sources */,
			);
			runOnlyForDeploymentPostprocessing = 0;
		};
		57699A7983F897A832D1C4F2 /* Sources */ = {
			isa = PBXSourcesBuildPhase;
			buildActionMask = 2147483647;
			files = (
				F3547AB643B4C9BDF9F3F22E /* AppState.swift in Sources */,
				04D90CC13C8ABE9D846D7078 /* BlockingService.swift in Sources */,
				7E2B417C80425E6F55C0BFB5 /* Color+Hex.swift in Sources */,
				322DF3F96167E43D9F97EA3E /* Constants.swift in Sources */,
				D2AE3DAA3EA0FC0295A77D59 /* ContentBlockerRequestHandler.swift in Sources */,
				1D6B4C087B6BCABBB3852E5B /* ContentBlockerService.swift in Sources */,
				7F0A105DE85663830C1F3B5E /* DailyIntention.swift in Sources */,
				4810FFC7F65EE2F4EE0F8030 /* DailyStats.swift in Sources */,
				62460B72A6B35D3C229488A1 /* DefaultModes.swift in Sources */,
				3BC548E9EAAA7D5D28B80C3E /* Mode.swift in Sources */,
				AF9F9A10A5318E7D1E47507D /* ModeColor.swift in Sources */,
				643B90223F9221DBEBCCDD34 /* ModeSession.swift in Sources */,
				BE7906149DA1EF1980260C16 /* ScheduleService.swift in Sources */,
				AD6C922E95237F6CD3CCBC1A /* Theme.swift in Sources */,
				F0BF7E0065226CE29994ABDB /* TimeBlock.swift in Sources */,
				7B0633E0E7636EC522185446 /* UIColor+Hex.swift in Sources */,
				AA5052D4DC650DCD7A09928B /* Weekday.swift in Sources */,
				E0D0D2470018B197C9187D70 /* WeeklySchedule.swift in Sources */,
				C0A853D150B96E77AD76703C /* LifeArea.swift in Sources */,
				E9796FB9F480C233A678F0E7 /* UserProfile.swift in Sources */,
				5FBE735F56D59E717130425C /* GroqService.swift in Sources */,
				2535A3C05C4E9DC6DD4AB0C6 /* AIResponseCache.swift in Sources */,
				9197F8E29D9535FCD686B777 /* ScheduleTemplateService.swift in Sources */,
				040E1D4927494B1CC76773B4 /* AIPromptTemplates.swift in Sources */,
				74C33EC6BF0CE530A74AACAF /* TimeBlockValidator.swift in Sources */,
				4D5E6F7081920314C5D6E7F8 /* GroqModels.swift in Sources */,
				AA00000000000001A0000004 /* ContentFilterPreset.swift in Sources */,
				AA00000000000001B0000004 /* ContentFilterPresetStore.swift in Sources */,
			);
			runOnlyForDeploymentPostprocessing = 0;
		};
		B19FCE0041AA5ED3A06471E2 /* Sources */ = {
			isa = PBXSourcesBuildPhase;
			buildActionMask = 2147483647;
			files = (
				FFD4DCDC36F7CB699ACFD6BE /* AppState.swift in Sources */,
				15A10BAB02F5D8958C4CE7C5 /* BlockingService.swift in Sources */,
				C57CD3A01C1202D847E4B5E0 /* Color+Hex.swift in Sources */,
				F3BEC8CBB33869ABC7DECD0A /* Constants.swift in Sources */,
				FAD08BD235260AB75CCBF084 /* ContentBlockerService.swift in Sources */,
				874F2AEFE21E2C58172D6BD4 /* DailyIntention.swift in Sources */,
				2AD78EAFB1254ED37634B170 /* DailyStats.swift in Sources */,
				E9C28DCC46F639C20D603CBF /* DefaultModes.swift in Sources */,
				33EBF83D48EF70434347E9F2 /* FocusPhoneWidget.swift in Sources */,
				CD589D817CAB532DEAE779A2 /* Mode.swift in Sources */,
				443287F2348C5FE4090EB252 /* ModeColor.swift in Sources */,
				68EB1A747370664933A36892 /* ModeSession.swift in Sources */,
				E79EE9096A14334D2C90A46A /* ScheduleService.swift in Sources */,
				EF4334DE3FFC082255F1779A /* Theme.swift in Sources */,
				E04945AF563533F9D57BCA64 /* TimeBlock.swift in Sources */,
				226C6762EB06C8C69809A380 /* UIColor+Hex.swift in Sources */,
				DEB4C7854ABF1CF1430E5E95 /* Weekday.swift in Sources */,
				089388C6FE2F97486DE0312B /* WeeklySchedule.swift in Sources */,
				EC179542D3ED8830D5EB595F /* LifeArea.swift in Sources */,
				D4CAAF168BE2EB55DEE3FE45 /* UserProfile.swift in Sources */,
				C0DB166FEC1283E0537A93ED /* GroqService.swift in Sources */,
				161DBA9E04D84776549E289D /* AIResponseCache.swift in Sources */,
				33FA5AA1F5987CEAC059DC15 /* ScheduleTemplateService.swift in Sources */,
				EAFA5736ACBD2C9DED474D4D /* AIPromptTemplates.swift in Sources */,
				CD09297E8FC11FE26E3B2B97 /* TimeBlockValidator.swift in Sources */,
				5E6F708192031425D6E7F809 /* GroqModels.swift in Sources */,
				AA00000000000001A0000005 /* ContentFilterPreset.swift in Sources */,
				AA00000000000001B0000005 /* ContentFilterPresetStore.swift in Sources */,
			);
			runOnlyForDeploymentPostprocessing = 0;
		};
		C5EFDF813628993529405049 /* Sources */ = {
			isa = PBXSourcesBuildPhase;
			buildActionMask = 2147483647;
			files = (
				0A9238A226B7A9B9753CA80C /* AddTimeBlockView.swift in Sources */,
				0E456D6BF1DA4F9300B09D11 /* AppState.swift in Sources */,
				566898E393BF279FFFCFCCF7 /* AuthViewModel.swift in Sources */,
				8840AC6E1C00C36D171B6798 /* BlockingService.swift in Sources */,
				212BB6EC8152C0D5E9792A41 /* CalendarTab.swift in Sources */,
				F8E0D24B2535064BC2D873A2 /* CalendarViewModel.swift in Sources */,
				F109C3745B027F6A52FEAF10 /* Color+Hex.swift in Sources */,
				7770E23ED0B00AE353112CF7 /* ColorPickerGridView.swift in Sources */,
				7D4157DD880166D9CDC86255 /* Constants.swift in Sources */,
				84E3ACE2B71D82727804D176 /* ContentBlockerService.swift in Sources */,
				5B8FAD797F84C5926BC809B4 /* ContentView.swift in Sources */,
				9BB30290BC882A0CB417030A /* CurrentModeCardView.swift in Sources */,
				0DF3A60AEEFB9A73B2254D03 /* DailyIntention.swift in Sources */,
				219C4A77BFEBE2D19A69C4E1 /* DailyIntentionView.swift in Sources */,
				4CB1DC86477F5EC632424E41 /* DailyStats.swift in Sources */,
				CCED84459F187A3241D766F0 /* DayTimelineView.swift in Sources */,
				47796E56815BA874D59A67D2 /* DefaultModes.swift in Sources */,
				025773A172E31D4B7DCE3FAF /* FocusPhoneApp.swift in Sources */,
				5580DBCB5CEAF0A5809AAA2F /* IconPickerView.swift in Sources */,
				02F8CD28C50F7F5BEE4B8FB6 /* MainTabView.swift in Sources */,
				D39824746429944FB75C351B /* Mode.swift in Sources */,
				DC1A453E9B0424C55A8A84D5 /* ModeColor.swift in Sources */,
				08EE3C042C04C8B14915A0F8 /* ModeEditorView.swift in Sources */,
				4ED2F9ED48E835FA99375E16 /* ModeListTab.swift in Sources */,
				BD360C5E213EEC18513F8C08 /* ModeListViewModel.swift in Sources */,
				DCB52EC05AA8F0ABD1DB0063 /* ModeSession.swift in Sources */,
				7158AD7E9EA32E52A96C745F /* OnboardingView.swift in Sources */,
				8BD6E8FF208644A0BB54263F /* ScheduleService.swift in Sources */,
				49DBE9DEDB07C0A06313B34A /* SettingsView.swift in Sources */,
				17627C7D1669B03E37A55AF2 /* SettingsViewModel.swift in Sources */,
				972F91E3549FF2BC524B7603 /* StatsView.swift in Sources */,
				99243340FF9D8E7F2009940D /* StatsViewModel.swift in Sources */,
				02A6FA75F6A9B7CC258B9183 /* Theme.swift in Sources */,
				E0CA4DCEE08E2D67D28050AC /* TimeBlock.swift in Sources */,
				1E07C691F79C0419D0E57B10 /* UIColor+Hex.swift in Sources */,
				C3D4E5F607182930B1C2D3E4 /* ViewModeToggle.swift in Sources */,
				C33D987A3A24F5CD319BCBB6 /* WeekDaySelectorView.swift in Sources */,
				63B7C95FE932DF4BD262166B /* Weekday.swift in Sources */,
				A1B2C3D4E5F60718A9B0C1D2 /* WeeklyCalendarView.swift in Sources */,
				CE69C1FABBDE9C7C308CDA4D /* WeeklySchedule.swift in Sources */,
				939A52A4520DBC851C4429E0 /* LifeArea.swift in Sources */,
				AAD7B9793415BBFC7BF9CAC4 /* UserProfile.swift in Sources */,
				E176FBC5148F863246AF3008 /* GroqService.swift in Sources */,
				37A6E4A95AB4BDC57C8917AE /* AIResponseCache.swift in Sources */,
				3E72B1CFE34D24930957E7D8 /* ScheduleTemplateService.swift in Sources */,
				BC4539692A31BFFD29E0A07C /* AIPromptTemplates.swift in Sources */,
				951775D466421D9910589E3B /* AIOnboardingViewModel.swift in Sources */,
				518A4B03ABCF63C9EB5545AE /* NLCommandViewModel.swift in Sources */,
				3B7C4E9555A96DBC8D5A9B37 /* WeeklyReviewViewModel.swift in Sources */,
				A4388E754BF38625EF9D135D /* AISettingsSection.swift in Sources */,
				E38FBD23AE8375E668274091 /* LifeAreaPickerView.swift in Sources */,
				4CD3AF3A7D56A32EAA27EB66 /* QuickQuestionsView.swift in Sources */,
				E256B8DCDD2362EA33B4ECE1 /* AIGeneratingView.swift in Sources */,
				C58B158E1C0CEC1FE25498A7 /* NLCommandBar.swift in Sources */,
				57B36080F5D4250D2DE85F02 /* NLCommandSheet.swift in Sources */,
				9080CF20CDE9975D7022BB13 /* WeeklyReviewView.swift in Sources */,
				DD4E5F6A7B8C9D0E1F2A3B4C /* OnboardingDistractionsView.swift in Sources */,
				FF6A7B8C9D0E1F2A3B4C5D6E /* OnboardingScheduleBuilderView.swift in Sources */,
				BB69DBD100F7B0348C7949E1 /* TimeBlockValidator.swift in Sources */,
				1A2B3C4D5E6F70819203A4B5 /* GroqModels.swift in Sources */,
				AA00000000000001A0000006 /* ContentFilterPreset.swift in Sources */,
				AA00000000000001B0000006 /* ContentFilterPresetStore.swift in Sources */,
			);
			runOnlyForDeploymentPostprocessing = 0;
		};
/* End PBXSourcesBuildPhase section */

/* Begin PBXTargetDependency section */
		30FFE07CBAD6BBC16B1AF4AB /* PBXTargetDependency */ = {
			isa = PBXTargetDependency;
			target = 52F48AA1EDC0E57494388C57 /* ShieldConfigurationExtension */;
			targetProxy = 96A954BA9041B8A32753E8D6 /* PBXContainerItemProxy */;
		};
		827591F4DB2F946659442494 /* PBXTargetDependency */ = {
			isa = PBXTargetDependency;
			target = 0034409725D123AED060BAFD /* DeviceActivityMonitorExtension */;
			targetProxy = 74982FE3E86D2C50DFA1035B /* PBXContainerItemProxy */;
		};
		A0ACCED2CDD7658857E1246C /* PBXTargetDependency */ = {
			isa = PBXTargetDependency;
			target = 05406DA91DDE38B7567CBC13 /* ContentBlockerExtension */;
			targetProxy = AF5E825FC22CB77FD55B788B /* PBXContainerItemProxy */;
		};
		CD04F56ECEEFE5DCF7782411 /* PBXTargetDependency */ = {
			isa = PBXTargetDependency;
			target = 3B87F3B1EE7717621692D815 /* FocusPhoneWidget */;
			targetProxy = 2BAE12C6351236D9125A6FEE /* PBXContainerItemProxy */;
		};
/* End PBXTargetDependency section */

/* Begin XCBuildConfiguration section */
		00A7402D031FD1AF0CEB1DD8 /* Release */ = {
			isa = XCBuildConfiguration;
			buildSettings = {
				CODE_SIGN_ENTITLEMENTS = ContentBlockerExtension/ContentBlockerExtension.entitlements;
				GENERATE_INFOPLIST_FILE = NO;
				INFOPLIST_FILE = ContentBlockerExtension/Info.plist;
				PRODUCT_BUNDLE_IDENTIFIER = "com.axon.focus-phone.contentblocker";
				PRODUCT_NAME = ContentBlockerExtension;
			};
			name = Release;
		};
		1ACCEA6F28D87F1FF2EA88BD /* Debug */ = {
			isa = XCBuildConfiguration;
			buildSettings = {
				ASSETCATALOG_COMPILER_APPICON_NAME = AppIcon;
				CODE_SIGN_ENTITLEMENTS = FocusPhone/FocusPhone.entitlements;
				GENERATE_INFOPLIST_FILE = NO;
				INFOPLIST_FILE = FocusPhone/Info.plist;
				PRODUCT_BUNDLE_IDENTIFIER = "com.axon.focus-phone";
				PRODUCT_NAME = FocusPhone;
			};
			name = Debug;
		};
		25FE6E4E566F58F7297DB174 /* Debug */ = {
			isa = XCBuildConfiguration;
			buildSettings = {
				CODE_SIGN_ENTITLEMENTS = FocusPhoneWidget/FocusPhoneWidget.entitlements;
				GENERATE_INFOPLIST_FILE = NO;
				INFOPLIST_FILE = FocusPhoneWidget/Info.plist;
				PRODUCT_BUNDLE_IDENTIFIER = "com.axon.focus-phone.wgt";
				PRODUCT_NAME = FocusPhoneWidget;
			};
			name = Debug;
		};
		31F70082F0B34CFDF283E899 /* Debug */ = {
			isa = XCBuildConfiguration;
			buildSettings = {
				ALWAYS_SEARCH_USER_PATHS = NO;
				ASSETCATALOG_COMPILER_GENERATE_SWIFT_ASSET_SYMBOL_EXTENSIONS = YES;
				CLANG_WARN_BLOCK_CAPTURE_AUTORELEASING = YES;
				CLANG_WARN_COMMA = YES;
				CLANG_WARN_DEPRECATED_OBJC_IMPLEMENTATIONS = YES;
				CLANG_WARN_EMPTY_BODY = YES;
				CLANG_WARN_ENUM_CONVERSION = YES;
				CLANG_WARN_INFINITE_RECURSION = YES;
				CLANG_WARN_INT_CONVERSION = YES;
				CLANG_WARN_NON_LITERAL_NULL_CONVERSION = YES;
				CLANG_WARN_OBJC_IMPLICIT_RETAIN_SELF = YES;
				CLANG_WARN_OBJC_LITERAL_CONVERSION = YES;
				CLANG_WARN_QUOTED_INCLUDE_IN_FRAMEWORK_HEADER = YES;
				CLANG_WARN_RANGE_LOOP_ANALYSIS = YES;
				CLANG_WARN_STRICT_PROTOTYPES = YES;
				CLANG_WARN_SUSPICIOUS_MOVE = YES;
				CLANG_WARN_UNREACHABLE_CODE = YES;
				COPY_PHASE_STRIP = NO;
				DEAD_CODE_STRIPPING = YES;
				DEVELOPMENT_TEAM = 2W3NRPZS9S;
				ENABLE_STRICT_OBJC_MSGSEND = YES;
				ENABLE_USER_SCRIPT_SANDBOXING = NO;
				GCC_NO_COMMON_BLOCKS = YES;
				GCC_WARN_64_TO_32_BIT_CONVERSION = YES;
				GCC_WARN_ABOUT_RETURN_TYPE = YES_ERROR;
				GCC_WARN_UNDECLARED_SELECTOR = YES;
				GCC_WARN_UNINITIALIZED_AUTOS = YES_AGGRESSIVE;
				GCC_WARN_UNUSED_FUNCTION = YES;
				GCC_WARN_UNUSED_VARIABLE = YES;
				IPHONEOS_DEPLOYMENT_TARGET = 18.0;
				SDKROOT = iphoneos;
				SWIFT_VERSION = 5.9;
				TARGETED_DEVICE_FAMILY = 1;
			};
			name = Debug;
		};
		4413CE37E9096E5ECA0665E1 /* Release */ = {
			isa = XCBuildConfiguration;
			buildSettings = {
				CODE_SIGN_ENTITLEMENTS = FocusPhoneWidget/FocusPhoneWidget.entitlements;
				GENERATE_INFOPLIST_FILE = NO;
				INFOPLIST_FILE = FocusPhoneWidget/Info.plist;
				PRODUCT_BUNDLE_IDENTIFIER = "com.axon.focus-phone.wgt";
				PRODUCT_NAME = FocusPhoneWidget;
			};
			name = Release;
		};
		5A0FE002951577F891553B05 /* Release */ = {
			isa = XCBuildConfiguration;
			buildSettings = {
				CODE_SIGN_ENTITLEMENTS = ShieldConfigurationExtension/ShieldConfigurationExtension.entitlements;
				GENERATE_INFOPLIST_FILE = NO;
				INFOPLIST_FILE = ShieldConfigurationExtension/Info.plist;
				PRODUCT_BUNDLE_IDENTIFIER = "com.axon.focus-phone.shield";
				PRODUCT_NAME = ShieldConfigurationExtension;
			};
			name = Release;
		};
		66DC9A71B48E264CAB707088 /* Release */ = {
			isa = XCBuildConfiguration;
			buildSettings = {
				ALWAYS_SEARCH_USER_PATHS = NO;
				ASSETCATALOG_COMPILER_GENERATE_SWIFT_ASSET_SYMBOL_EXTENSIONS = YES;
				CLANG_WARN_BLOCK_CAPTURE_AUTORELEASING = YES;
				CLANG_WARN_COMMA = YES;
				CLANG_WARN_DEPRECATED_OBJC_IMPLEMENTATIONS = YES;
				CLANG_WARN_EMPTY_BODY = YES;
				CLANG_WARN_ENUM_CONVERSION = YES;
				CLANG_WARN_INFINITE_RECURSION = YES;
				CLANG_WARN_INT_CONVERSION = YES;
				CLANG_WARN_NON_LITERAL_NULL_CONVERSION = YES;
				CLANG_WARN_OBJC_IMPLICIT_RETAIN_SELF = YES;
				CLANG_WARN_OBJC_LITERAL_CONVERSION = YES;
				CLANG_WARN_QUOTED_INCLUDE_IN_FRAMEWORK_HEADER = YES;
				CLANG_WARN_RANGE_LOOP_ANALYSIS = YES;
				CLANG_WARN_STRICT_PROTOTYPES = YES;
				CLANG_WARN_SUSPICIOUS_MOVE = YES;
				CLANG_WARN_UNREACHABLE_CODE = YES;
				COPY_PHASE_STRIP = NO;
				DEAD_CODE_STRIPPING = YES;
				DEVELOPMENT_TEAM = 2W3NRPZS9S;
				ENABLE_STRICT_OBJC_MSGSEND = YES;
				ENABLE_USER_SCRIPT_SANDBOXING = NO;
				GCC_NO_COMMON_BLOCKS = YES;
				GCC_WARN_64_TO_32_BIT_CONVERSION = YES;
				GCC_WARN_ABOUT_RETURN_TYPE = YES_ERROR;
				GCC_WARN_UNDECLARED_SELECTOR = YES;
				GCC_WARN_UNINITIALIZED_AUTOS = YES_AGGRESSIVE;
				GCC_WARN_UNUSED_FUNCTION = YES;
				GCC_WARN_UNUSED_VARIABLE = YES;
				IPHONEOS_DEPLOYMENT_TARGET = 18.0;
				SDKROOT = iphoneos;
				SWIFT_VERSION = 5.9;
				TARGETED_DEVICE_FAMILY = 1;
			};
			name = Release;
		};
		8BE1A371E64CC859DE7A21B1 /* Release */ = {
			isa = XCBuildConfiguration;
			buildSettings = {
				ASSETCATALOG_COMPILER_APPICON_NAME = AppIcon;
				CODE_SIGN_ENTITLEMENTS = FocusPhone/FocusPhone.entitlements;
				GENERATE_INFOPLIST_FILE = NO;
				INFOPLIST_FILE = FocusPhone/Info.plist;
				PRODUCT_BUNDLE_IDENTIFIER = "com.axon.focus-phone";
				PRODUCT_NAME = FocusPhone;
			};
			name = Release;
		};
		A27532896ACF3A45141808D7 /* Release */ = {
			isa = XCBuildConfiguration;
			buildSettings = {
				CODE_SIGN_ENTITLEMENTS = DeviceActivityMonitorExtension/DeviceActivityMonitorExtension.entitlements;
				GENERATE_INFOPLIST_FILE = NO;
				INFOPLIST_FILE = DeviceActivityMonitorExtension/Info.plist;
				PRODUCT_BUNDLE_IDENTIFIER = "com.axon.focus-phone.dam";
				PRODUCT_NAME = DeviceActivityMonitorExtension;
			};
			name = Release;
		};
		AF700DB6F58B490EE67303A9 /* Debug */ = {
			isa = XCBuildConfiguration;
			buildSettings = {
				CODE_SIGN_ENTITLEMENTS = ShieldConfigurationExtension/ShieldConfigurationExtension.entitlements;
				GENERATE_INFOPLIST_FILE = NO;
				INFOPLIST_FILE = ShieldConfigurationExtension/Info.plist;
				PRODUCT_BUNDLE_IDENTIFIER = "com.axon.focus-phone.shield";
				PRODUCT_NAME = ShieldConfigurationExtension;
			};
			name = Debug;
		};
		BEA2F03A6286E88C7C6AD855 /* Debug */ = {
			isa = XCBuildConfiguration;
			buildSettings = {
				CODE_SIGN_ENTITLEMENTS = DeviceActivityMonitorExtension/DeviceActivityMonitorExtension.entitlements;
				GENERATE_INFOPLIST_FILE = NO;
				INFOPLIST_FILE = DeviceActivityMonitorExtension/Info.plist;
				PRODUCT_BUNDLE_IDENTIFIER = "com.axon.focus-phone.dam";
				PRODUCT_NAME = DeviceActivityMonitorExtension;
			};
			name = Debug;
		};
		DEB21542A5FC29103D92F6DC /* Debug */ = {
			isa = XCBuildConfiguration;
			buildSettings = {
				CODE_SIGN_ENTITLEMENTS = ContentBlockerExtension/ContentBlockerExtension.entitlements;
				GENERATE_INFOPLIST_FILE = NO;
				INFOPLIST_FILE = ContentBlockerExtension/Info.plist;
				PRODUCT_BUNDLE_IDENTIFIER = "com.axon.focus-phone.contentblocker";
				PRODUCT_NAME = ContentBlockerExtension;
			};
			name = Debug;
		};
/* End XCBuildConfiguration section */

/* Begin XCConfigurationList section */
		50DB496D5B2C91C8A5569B55 /* Build configuration list for PBXNativeTarget "DeviceActivityMonitorExtension" */ = {
			isa = XCConfigurationList;
			buildConfigurations = (
				BEA2F03A6286E88C7C6AD855 /* Debug */,
				A27532896ACF3A45141808D7 /* Release */,
			);
			defaultConfigurationIsVisible = 0;
			defaultConfigurationName = Debug;
		};
		633479D95811005FBBEF5216 /* Build configuration list for PBXNativeTarget "FocusPhoneWidget" */ = {
			isa = XCConfigurationList;
			buildConfigurations = (
				25FE6E4E566F58F7297DB174 /* Debug */,
				4413CE37E9096E5ECA0665E1 /* Release */,
			);
			defaultConfigurationIsVisible = 0;
			defaultConfigurationName = Debug;
		};
		8254C9EED05FF03A5DB44B95 /* Build configuration list for PBXNativeTarget "FocusPhone" */ = {
			isa = XCConfigurationList;
			buildConfigurations = (
				1ACCEA6F28D87F1FF2EA88BD /* Debug */,
				8BE1A371E64CC859DE7A21B1 /* Release */,
			);
			defaultConfigurationIsVisible = 0;
			defaultConfigurationName = Debug;
		};
		DF61E172E718B75FEFA999A9 /* Build configuration list for PBXNativeTarget "ShieldConfigurationExtension" */ = {
			isa = XCConfigurationList;
			buildConfigurations = (
				AF700DB6F58B490EE67303A9 /* Debug */,
				5A0FE002951577F891553B05 /* Release */,
			);
			defaultConfigurationIsVisible = 0;
			defaultConfigurationName = Debug;
		};
		EB2CB2479109277D6750ED22 /* Build configuration list for PBXNativeTarget "ContentBlockerExtension" */ = {
			isa = XCConfigurationList;
			buildConfigurations = (
				DEB21542A5FC29103D92F6DC /* Debug */,
				00A7402D031FD1AF0CEB1DD8 /* Release */,
			);
			defaultConfigurationIsVisible = 0;
			defaultConfigurationName = Debug;
		};
		F50B4D25EEF5025DCC09A3B7 /* Build configuration list for PBXProject "FocusPhone" */ = {
			isa = XCConfigurationList;
			buildConfigurations = (
				31F70082F0B34CFDF283E899 /* Debug */,
				66DC9A71B48E264CAB707088 /* Release */,
			);
			defaultConfigurationIsVisible = 0;
			defaultConfigurationName = Debug;
		};
/* End XCConfigurationList section */
	};
	rootObject = 8817A21E292F75017FD7A5EC /* Project object */;
}
